// !$*UTF8*$!
{
	archiveVersion = 1;
	classes = {
	};
	objectVersion = 46;
	objects = {

/* Begin PBXBuildFile section */
		37BFD94017CEFF1500218E9B /* UIKit.framework in Frameworks */ = {isa = PBXBuildFile; fileRef = 37BFD93F17CEFF1500218E9B /* UIKit.framework */; };
		37BFD94217CEFF1500218E9B /* Foundation.framework in Frameworks */ = {isa = PBXBuildFile; fileRef = 37BFD94117CEFF1500218E9B /* Foundation.framework */; };
		37BFD94417CEFF1500218E9B /* CoreGraphics.framework in Frameworks */ = {isa = PBXBuildFile; fileRef = 37BFD94317CEFF1500218E9B /* CoreGraphics.framework */; };
		37BFD94A17CEFF1500218E9B /* InfoPlist.strings in Resources */ = {isa = PBXBuildFile; fileRef = 37BFD94817CEFF1500218E9B /* InfoPlist.strings */; };
		37BFD94C17CEFF1500218E9B /* main.m in Sources */ = {isa = PBXBuildFile; fileRef = 37BFD94B17CEFF1500218E9B /* main.m */; };
		37BFD95017CEFF1500218E9B /* AppDelegate.m in Sources */ = {isa = PBXBuildFile; fileRef = 37BFD94F17CEFF1500218E9B /* AppDelegate.m */; };
		37BFD95217CEFF1500218E9B /* Default.png in Resources */ = {isa = PBXBuildFile; fileRef = 37BFD95117CEFF1500218E9B /* Default.png */; };
		37BFD95417CEFF1500218E9B /* Default@2x.png in Resources */ = {isa = PBXBuildFile; fileRef = 37BFD95317CEFF1500218E9B /* Default@2x.png */; };
		37BFD95617CEFF1500218E9B /* Default-568h@2x.png in Resources */ = {isa = PBXBuildFile; fileRef = 37BFD95517CEFF1500218E9B /* Default-568h@2x.png */; };
		37BFD95917CEFF1500218E9B /* MainStoryboard.storyboard in Resources */ = {isa = PBXBuildFile; fileRef = 37BFD95717CEFF1500218E9B /* MainStoryboard.storyboard */; };
		37BFD95C17CEFF1500218E9B /* ViewController.m in Sources */ = {isa = PBXBuildFile; fileRef = 37BFD95B17CEFF1500218E9B /* ViewController.m */; };
		37BFDA2B17CF27FD00218E9B /* 01-refresh.png in Resources */ = {isa = PBXBuildFile; fileRef = 37BFD96317CF27FC00218E9B /* 01-refresh.png */; };
		37BFDA2C17CF27FD00218E9B /* 02-redo.png in Resources */ = {isa = PBXBuildFile; fileRef = 37BFD96417CF27FC00218E9B /* 02-redo.png */; };
		37BFDA2D17CF27FD00218E9B /* 03-loopback.png in Resources */ = {isa = PBXBuildFile; fileRef = 37BFD96517CF27FC00218E9B /* 03-loopback.png */; };
		37BFDA2E17CF27FD00218E9B /* 04-squiggle.png in Resources */ = {isa = PBXBuildFile; fileRef = 37BFD96617CF27FC00218E9B /* 04-squiggle.png */; };
		37BFDA2F17CF27FD00218E9B /* 05-shuffle.png in Resources */ = {isa = PBXBuildFile; fileRef = 37BFD96717CF27FC00218E9B /* 05-shuffle.png */; };
		37BFDA3017CF27FD00218E9B /* 06-magnify.png in Resources */ = {isa = PBXBuildFile; fileRef = 37BFD96817CF27FC00218E9B /* 06-magnify.png */; };
		37BFDA3117CF27FD00218E9B /* 07-map-marker.png in Resources */ = {isa = PBXBuildFile; fileRef = 37BFD96917CF27FC00218E9B /* 07-map-marker.png */; };
		37BFDA3217CF27FD00218E9B /* 08-chat.png in Resources */ = {isa = PBXBuildFile; fileRef = 37BFD96A17CF27FC00218E9B /* 08-chat.png */; };
		37BFDA3317CF27FD00218E9B /* 09-chat-2.png in Resources */ = {isa = PBXBuildFile; fileRef = 37BFD96B17CF27FC00218E9B /* 09-chat-2.png */; };
		37BFDA3417CF27FD00218E9B /* 10-medical.png in Resources */ = {isa = PBXBuildFile; fileRef = 37BFD96C17CF27FC00218E9B /* 10-medical.png */; };
		37BFDA3517CF27FD00218E9B /* 100-coffee.png in Resources */ = {isa = PBXBuildFile; fileRef = 37BFD96D17CF27FC00218E9B /* 100-coffee.png */; };
		37BFDA3617CF27FD00218E9B /* 101-gameplan.png in Resources */ = {isa = PBXBuildFile; fileRef = 37BFD96E17CF27FC00218E9B /* 101-gameplan.png */; };
		37BFDA3717CF27FD00218E9B /* 102-walk.png in Resources */ = {isa = PBXBuildFile; fileRef = 37BFD96F17CF27FC00218E9B /* 102-walk.png */; };
		37BFDA3817CF27FD00218E9B /* 103-map.png in Resources */ = {isa = PBXBuildFile; fileRef = 37BFD97017CF27FC00218E9B /* 103-map.png */; };
		37BFDA3917CF27FD00218E9B /* 104-index-cards.png in Resources */ = {isa = PBXBuildFile; fileRef = 37BFD97117CF27FC00218E9B /* 104-index-cards.png */; };
		37BFDA3A17CF27FD00218E9B /* 105-piano.png in Resources */ = {isa = PBXBuildFile; fileRef = 37BFD97217CF27FC00218E9B /* 105-piano.png */; };
		37BFDA3B17CF27FD00218E9B /* 106-sliders.png in Resources */ = {isa = PBXBuildFile; fileRef = 37BFD97317CF27FC00218E9B /* 106-sliders.png */; };
		37BFDA3C17CF27FD00218E9B /* 107-widescreen.png in Resources */ = {isa = PBXBuildFile; fileRef = 37BFD97417CF27FC00218E9B /* 107-widescreen.png */; };
		37BFDA3D17CF27FD00218E9B /* 108-badge.png in Resources */ = {isa = PBXBuildFile; fileRef = 37BFD97517CF27FC00218E9B /* 108-badge.png */; };
		37BFDA3E17CF27FD00218E9B /* 109-chicken.png in Resources */ = {isa = PBXBuildFile; fileRef = 37BFD97617CF27FC00218E9B /* 109-chicken.png */; };
		37BFDA3F17CF27FD00218E9B /* 11-clock.png in Resources */ = {isa = PBXBuildFile; fileRef = 37BFD97717CF27FC00218E9B /* 11-clock.png */; };
		37BFDA4017CF27FD00218E9B /* 110-bug.png in Resources */ = {isa = PBXBuildFile; fileRef = 37BFD97817CF27FC00218E9B /* 110-bug.png */; };
		37BFDA4117CF27FD00218E9B /* 111-user.png in Resources */ = {isa = PBXBuildFile; fileRef = 37BFD97917CF27FC00218E9B /* 111-user.png */; };
		37BFDA4217CF27FD00218E9B /* 112-group.png in Resources */ = {isa = PBXBuildFile; fileRef = 37BFD97A17CF27FC00218E9B /* 112-group.png */; };
		37BFDA4317CF27FD00218E9B /* 113-navigation.png in Resources */ = {isa = PBXBuildFile; fileRef = 37BFD97B17CF27FC00218E9B /* 113-navigation.png */; };
		37BFDA4417CF27FD00218E9B /* 114-balloon.png in Resources */ = {isa = PBXBuildFile; fileRef = 37BFD97C17CF27FC00218E9B /* 114-balloon.png */; };
		37BFDA4517CF27FD00218E9B /* 115-bow-and-arrow.png in Resources */ = {isa = PBXBuildFile; fileRef = 37BFD97D17CF27FC00218E9B /* 115-bow-and-arrow.png */; };
		37BFDA4617CF27FD00218E9B /* 116-controller.png in Resources */ = {isa = PBXBuildFile; fileRef = 37BFD97E17CF27FC00218E9B /* 116-controller.png */; };
		37BFDA4717CF27FD00218E9B /* 117-todo.png in Resources */ = {isa = PBXBuildFile; fileRef = 37BFD97F17CF27FC00218E9B /* 117-todo.png */; };
		37BFDA4817CF27FD00218E9B /* 118-coat-hanger.png in Resources */ = {isa = PBXBuildFile; fileRef = 37BFD98017CF27FC00218E9B /* 118-coat-hanger.png */; };
		37BFDA4917CF27FD00218E9B /* 119-piggy-bank.png in Resources */ = {isa = PBXBuildFile; fileRef = 37BFD98117CF27FC00218E9B /* 119-piggy-bank.png */; };
		37BFDA4A17CF27FD00218E9B /* 12-eye.png in Resources */ = {isa = PBXBuildFile; fileRef = 37BFD98217CF27FC00218E9B /* 12-eye.png */; };
		37BFDA4B17CF27FD00218E9B /* 120-headphones.png in Resources */ = {isa = PBXBuildFile; fileRef = 37BFD98317CF27FC00218E9B /* 120-headphones.png */; };
		37BFDA4C17CF27FD00218E9B /* 121-landscape.png in Resources */ = {isa = PBXBuildFile; fileRef = 37BFD98417CF27FC00218E9B /* 121-landscape.png */; };
		37BFDA4D17CF27FD00218E9B /* 122-stats.png in Resources */ = {isa = PBXBuildFile; fileRef = 37BFD98517CF27FC00218E9B /* 122-stats.png */; };
		37BFDA4E17CF27FD00218E9B /* 123-id-card.png in Resources */ = {isa = PBXBuildFile; fileRef = 37BFD98617CF27FC00218E9B /* 123-id-card.png */; };
		37BFDA4F17CF27FD00218E9B /* 124-bullhorn.png in Resources */ = {isa = PBXBuildFile; fileRef = 37BFD98717CF27FC00218E9B /* 124-bullhorn.png */; };
		37BFDA5017CF27FD00218E9B /* 125-food.png in Resources */ = {isa = PBXBuildFile; fileRef = 37BFD98817CF27FC00218E9B /* 125-food.png */; };
		37BFDA5117CF27FD00218E9B /* 126-moon.png in Resources */ = {isa = PBXBuildFile; fileRef = 37BFD98917CF27FC00218E9B /* 126-moon.png */; };
		37BFDA5217CF27FD00218E9B /* 127-sock.png in Resources */ = {isa = PBXBuildFile; fileRef = 37BFD98A17CF27FC00218E9B /* 127-sock.png */; };
		37BFDA5317CF27FD00218E9B /* 128-bone.png in Resources */ = {isa = PBXBuildFile; fileRef = 37BFD98B17CF27FC00218E9B /* 128-bone.png */; };
		37BFDA5417CF27FD00218E9B /* 129-golf.png in Resources */ = {isa = PBXBuildFile; fileRef = 37BFD98C17CF27FC00218E9B /* 129-golf.png */; };
		37BFDA5517CF27FD00218E9B /* 13-target.png in Resources */ = {isa = PBXBuildFile; fileRef = 37BFD98D17CF27FC00218E9B /* 13-target.png */; };
		37BFDA5617CF27FD00218E9B /* 130-dice.png in Resources */ = {isa = PBXBuildFile; fileRef = 37BFD98E17CF27FC00218E9B /* 130-dice.png */; };
		37BFDA5717CF27FD00218E9B /* 131-tower.png in Resources */ = {isa = PBXBuildFile; fileRef = 37BFD98F17CF27FC00218E9B /* 131-tower.png */; };
		37BFDA5817CF27FD00218E9B /* 132-ghost.png in Resources */ = {isa = PBXBuildFile; fileRef = 37BFD99017CF27FC00218E9B /* 132-ghost.png */; };
		37BFDA5917CF27FD00218E9B /* 133-ufo.png in Resources */ = {isa = PBXBuildFile; fileRef = 37BFD99117CF27FC00218E9B /* 133-ufo.png */; };
		37BFDA5A17CF27FD00218E9B /* 134-viking.png in Resources */ = {isa = PBXBuildFile; fileRef = 37BFD99217CF27FC00218E9B /* 134-viking.png */; };
		37BFDA5B17CF27FD00218E9B /* 135-hockeymask.png in Resources */ = {isa = PBXBuildFile; fileRef = 37BFD99317CF27FC00218E9B /* 135-hockeymask.png */; };
		37BFDA5C17CF27FD00218E9B /* 136-tractor.png in Resources */ = {isa = PBXBuildFile; fileRef = 37BFD99417CF27FC00218E9B /* 136-tractor.png */; };
		37BFDA5D17CF27FD00218E9B /* 137-presentation.png in Resources */ = {isa = PBXBuildFile; fileRef = 37BFD99517CF27FC00218E9B /* 137-presentation.png */; };
		37BFDA5E17CF27FD00218E9B /* 138-scales.png in Resources */ = {isa = PBXBuildFile; fileRef = 37BFD99617CF27FC00218E9B /* 138-scales.png */; };
		37BFDA5F17CF27FD00218E9B /* 139-flags.png in Resources */ = {isa = PBXBuildFile; fileRef = 37BFD99717CF27FC00218E9B /* 139-flags.png */; };
		37BFDA6017CF27FD00218E9B /* 14-tag.png in Resources */ = {isa = PBXBuildFile; fileRef = 37BFD99817CF27FC00218E9B /* 14-tag.png */; };
		37BFDA6117CF27FD00218E9B /* 140-gradhat.png in Resources */ = {isa = PBXBuildFile; fileRef = 37BFD99917CF27FC00218E9B /* 140-gradhat.png */; };
		37BFDA6217CF27FD00218E9B /* 141-lamp.png in Resources */ = {isa = PBXBuildFile; fileRef = 37BFD99A17CF27FC00218E9B /* 141-lamp.png */; };
		37BFDA6317CF27FD00218E9B /* 142-wine-bottle.png in Resources */ = {isa = PBXBuildFile; fileRef = 37BFD99B17CF27FC00218E9B /* 142-wine-bottle.png */; };
		37BFDA6417CF27FD00218E9B /* 143-liquor-bottle.png in Resources */ = {isa = PBXBuildFile; fileRef = 37BFD99C17CF27FC00218E9B /* 143-liquor-bottle.png */; };
		37BFDA6517CF27FD00218E9B /* 144-martini.png in Resources */ = {isa = PBXBuildFile; fileRef = 37BFD99D17CF27FC00218E9B /* 144-martini.png */; };
		37BFDA6617CF27FD00218E9B /* 145-persondot.png in Resources */ = {isa = PBXBuildFile; fileRef = 37BFD99E17CF27FC00218E9B /* 145-persondot.png */; };
		37BFDA6717CF27FD00218E9B /* 146-gavel.png in Resources */ = {isa = PBXBuildFile; fileRef = 37BFD99F17CF27FC00218E9B /* 146-gavel.png */; };
		37BFDA6817CF27FD00218E9B /* 147-popsicle.png in Resources */ = {isa = PBXBuildFile; fileRef = 37BFD9A017CF27FC00218E9B /* 147-popsicle.png */; };
		37BFDA6917CF27FD00218E9B /* 148-doghouse.png in Resources */ = {isa = PBXBuildFile; fileRef = 37BFD9A117CF27FC00218E9B /* 148-doghouse.png */; };
		37BFDA6A17CF27FD00218E9B /* 149-windmill.png in Resources */ = {isa = PBXBuildFile; fileRef = 37BFD9A217CF27FC00218E9B /* 149-windmill.png */; };
		37BFDA6B17CF27FD00218E9B /* 15-tags.png in Resources */ = {isa = PBXBuildFile; fileRef = 37BFD9A317CF27FC00218E9B /* 15-tags.png */; };
		37BFDA6C17CF27FD00218E9B /* 150-sailboat.png in Resources */ = {isa = PBXBuildFile; fileRef = 37BFD9A417CF27FC00218E9B /* 150-sailboat.png */; };
		37BFDA6D17CF27FD00218E9B /* 151-telescope.png in Resources */ = {isa = PBXBuildFile; fileRef = 37BFD9A517CF27FC00218E9B /* 151-telescope.png */; };
		37BFDA6E17CF27FD00218E9B /* 152-rolodex.png in Resources */ = {isa = PBXBuildFile; fileRef = 37BFD9A617CF27FC00218E9B /* 152-rolodex.png */; };
		37BFDA6F17CF27FD00218E9B /* 153-guitar.png in Resources */ = {isa = PBXBuildFile; fileRef = 37BFD9A717CF27FC00218E9B /* 153-guitar.png */; };
		37BFDA7017CF27FD00218E9B /* 154-necktie.png in Resources */ = {isa = PBXBuildFile; fileRef = 37BFD9A817CF27FC00218E9B /* 154-necktie.png */; };
		37BFDA7117CF27FD00218E9B /* 155-bowtie.png in Resources */ = {isa = PBXBuildFile; fileRef = 37BFD9A917CF27FC00218E9B /* 155-bowtie.png */; };
		37BFDA7217CF27FD00218E9B /* 156-controlpad.png in Resources */ = {isa = PBXBuildFile; fileRef = 37BFD9AA17CF27FC00218E9B /* 156-controlpad.png */; };
		37BFDA7317CF27FD00218E9B /* 157-wrench.png in Resources */ = {isa = PBXBuildFile; fileRef = 37BFD9AB17CF27FC00218E9B /* 157-wrench.png */; };
		37BFDA7417CF27FD00218E9B /* 158-wrench-2.png in Resources */ = {isa = PBXBuildFile; fileRef = 37BFD9AC17CF27FC00218E9B /* 158-wrench-2.png */; };
		37BFDA7517CF27FD00218E9B /* 159-voicemail.png in Resources */ = {isa = PBXBuildFile; fileRef = 37BFD9AD17CF27FC00218E9B /* 159-voicemail.png */; };
		37BFDA7617CF27FD00218E9B /* 16-line-chart.png in Resources */ = {isa = PBXBuildFile; fileRef = 37BFD9AE17CF27FC00218E9B /* 16-line-chart.png */; };
		37BFDA7717CF27FD00218E9B /* 160-voicemail-2.png in Resources */ = {isa = PBXBuildFile; fileRef = 37BFD9AF17CF27FC00218E9B /* 160-voicemail-2.png */; };
		37BFDA7817CF27FD00218E9B /* 161-calculator.png in Resources */ = {isa = PBXBuildFile; fileRef = 37BFD9B017CF27FC00218E9B /* 161-calculator.png */; };
		37BFDA7917CF27FD00218E9B /* 162-receipt.png in Resources */ = {isa = PBXBuildFile; fileRef = 37BFD9B117CF27FC00218E9B /* 162-receipt.png */; };
		37BFDA7A17CF27FD00218E9B /* 163-glasses-1.png in Resources */ = {isa = PBXBuildFile; fileRef = 37BFD9B217CF27FC00218E9B /* 163-glasses-1.png */; };
		37BFDA7B17CF27FD00218E9B /* 164-glasses-2.png in Resources */ = {isa = PBXBuildFile; fileRef = 37BFD9B317CF27FC00218E9B /* 164-glasses-2.png */; };
		37BFDA7C17CF27FD00218E9B /* 165-glasses-3.png in Resources */ = {isa = PBXBuildFile; fileRef = 37BFD9B417CF27FC00218E9B /* 165-glasses-3.png */; };
		37BFDA7D17CF27FD00218E9B /* 166-newspaper.png in Resources */ = {isa = PBXBuildFile; fileRef = 37BFD9B517CF27FC00218E9B /* 166-newspaper.png */; };
		37BFDA7E17CF27FD00218E9B /* 167-upload-photo.png in Resources */ = {isa = PBXBuildFile; fileRef = 37BFD9B617CF27FC00218E9B /* 167-upload-photo.png */; };
		37BFDA7F17CF27FD00218E9B /* 168-upload-photo-2.png in Resources */ = {isa = PBXBuildFile; fileRef = 37BFD9B717CF27FC00218E9B /* 168-upload-photo-2.png */; };
		37BFDA8017CF27FD00218E9B /* 169-8ball.png in Resources */ = {isa = PBXBuildFile; fileRef = 37BFD9B817CF27FC00218E9B /* 169-8ball.png */; };
		37BFDA8117CF27FD00218E9B /* 17-bar-chart.png in Resources */ = {isa = PBXBuildFile; fileRef = 37BFD9B917CF27FC00218E9B /* 17-bar-chart.png */; };
		37BFDA8217CF27FD00218E9B /* 170-butterfly.png in Resources */ = {isa = PBXBuildFile; fileRef = 37BFD9BA17CF27FC00218E9B /* 170-butterfly.png */; };
		37BFDA8317CF27FD00218E9B /* 171-sun.png in Resources */ = {isa = PBXBuildFile; fileRef = 37BFD9BB17CF27FC00218E9B /* 171-sun.png */; };
		37BFDA8417CF27FD00218E9B /* 172-pricetag.png in Resources */ = {isa = PBXBuildFile; fileRef = 37BFD9BC17CF27FC00218E9B /* 172-pricetag.png */; };
		37BFDA8517CF27FD00218E9B /* 173-eyedropper.png in Resources */ = {isa = PBXBuildFile; fileRef = 37BFD9BD17CF27FC00218E9B /* 173-eyedropper.png */; };
		37BFDA8617CF27FD00218E9B /* 174-imac.png in Resources */ = {isa = PBXBuildFile; fileRef = 37BFD9BE17CF27FC00218E9B /* 174-imac.png */; };
		37BFDA8717CF27FD00218E9B /* 175-macbook.png in Resources */ = {isa = PBXBuildFile; fileRef = 37BFD9BF17CF27FC00218E9B /* 175-macbook.png */; };
		37BFDA8817CF27FD00218E9B /* 176-ipad.png in Resources */ = {isa = PBXBuildFile; fileRef = 37BFD9C017CF27FC00218E9B /* 176-ipad.png */; };
		37BFDA8917CF27FD00218E9B /* 177-building.png in Resources */ = {isa = PBXBuildFile; fileRef = 37BFD9C117CF27FC00218E9B /* 177-building.png */; };
		37BFDA8A17CF27FD00218E9B /* 178-city.png in Resources */ = {isa = PBXBuildFile; fileRef = 37BFD9C217CF27FC00218E9B /* 178-city.png */; };
		37BFDA8B17CF27FD00218E9B /* 179-notepad.png in Resources */ = {isa = PBXBuildFile; fileRef = 37BFD9C317CF27FC00218E9B /* 179-notepad.png */; };
		37BFDA8C17CF27FD00218E9B /* 18-envelope.png in Resources */ = {isa = PBXBuildFile; fileRef = 37BFD9C417CF27FC00218E9B /* 18-envelope.png */; };
		37BFDA8D17CF27FD00218E9B /* 180-stickynote.png in Resources */ = {isa = PBXBuildFile; fileRef = 37BFD9C517CF27FC00218E9B /* 180-stickynote.png */; };
		37BFDA8E17CF27FD00218E9B /* 181-hammer.png in Resources */ = {isa = PBXBuildFile; fileRef = 37BFD9C617CF27FC00218E9B /* 181-hammer.png */; };
		37BFDA8F17CF27FD00218E9B /* 182-messenger-bag.png in Resources */ = {isa = PBXBuildFile; fileRef = 37BFD9C717CF27FC00218E9B /* 182-messenger-bag.png */; };
		37BFDA9017CF27FD00218E9B /* 183-genie-lamp.png in Resources */ = {isa = PBXBuildFile; fileRef = 37BFD9C817CF27FC00218E9B /* 183-genie-lamp.png */; };
		37BFDA9117CF27FD00218E9B /* 184-warning.png in Resources */ = {isa = PBXBuildFile; fileRef = 37BFD9C917CF27FC00218E9B /* 184-warning.png */; };
		37BFDA9217CF27FD00218E9B /* 185-printer.png in Resources */ = {isa = PBXBuildFile; fileRef = 37BFD9CA17CF27FC00218E9B /* 185-printer.png */; };
		37BFDA9317CF27FD00218E9B /* 186-ruler.png in Resources */ = {isa = PBXBuildFile; fileRef = 37BFD9CB17CF27FC00218E9B /* 186-ruler.png */; };
		37BFDA9417CF27FD00218E9B /* 187-pencil.png in Resources */ = {isa = PBXBuildFile; fileRef = 37BFD9CC17CF27FC00218E9B /* 187-pencil.png */; };
		37BFDA9517CF27FD00218E9B /* 188-paint-roller.png in Resources */ = {isa = PBXBuildFile; fileRef = 37BFD9CD17CF27FC00218E9B /* 188-paint-roller.png */; };
		37BFDA9617CF27FD00218E9B /* 189-plant.png in Resources */ = {isa = PBXBuildFile; fileRef = 37BFD9CE17CF27FC00218E9B /* 189-plant.png */; };
		37BFDA9717CF27FD00218E9B /* 19-gear.png in Resources */ = {isa = PBXBuildFile; fileRef = 37BFD9CF17CF27FC00218E9B /* 19-gear.png */; };
		37BFDA9817CF27FD00218E9B /* 190-bank.png in Resources */ = {isa = PBXBuildFile; fileRef = 37BFD9D017CF27FC00218E9B /* 190-bank.png */; };
		37BFDA9917CF27FD00218E9B /* 191-collection.png in Resources */ = {isa = PBXBuildFile; fileRef = 37BFD9D117CF27FC00218E9B /* 191-collection.png */; };
		37BFDA9A17CF27FD00218E9B /* 192-credit-card.png in Resources */ = {isa = PBXBuildFile; fileRef = 37BFD9D217CF27FC00218E9B /* 192-credit-card.png */; };
		37BFDA9B17CF27FD00218E9B /* 193-location-arrow.png in Resources */ = {isa = PBXBuildFile; fileRef = 37BFD9D317CF27FC00218E9B /* 193-location-arrow.png */; };
		37BFDA9C17CF27FD00218E9B /* 194-note-2.png in Resources */ = {isa = PBXBuildFile; fileRef = 37BFD9D417CF27FC00218E9B /* 194-note-2.png */; };
		37BFDA9D17CF27FD00218E9B /* 195-barcode.png in Resources */ = {isa = PBXBuildFile; fileRef = 37BFD9D517CF27FC00218E9B /* 195-barcode.png */; };
		37BFDA9E17CF27FD00218E9B /* 196-radiation.png in Resources */ = {isa = PBXBuildFile; fileRef = 37BFD9D617CF27FC00218E9B /* 196-radiation.png */; };
		37BFDA9F17CF27FD00218E9B /* 197-card-diamonds.png in Resources */ = {isa = PBXBuildFile; fileRef = 37BFD9D717CF27FC00218E9B /* 197-card-diamonds.png */; };
		37BFDAA017CF27FD00218E9B /* 198-card-spades.png in Resources */ = {isa = PBXBuildFile; fileRef = 37BFD9D817CF27FC00218E9B /* 198-card-spades.png */; };
		37BFDAA117CF27FD00218E9B /* 199-card-hearts.png in Resources */ = {isa = PBXBuildFile; fileRef = 37BFD9D917CF27FC00218E9B /* 199-card-hearts.png */; };
		37BFDAA217CF27FD00218E9B /* 20-gear2.png in Resources */ = {isa = PBXBuildFile; fileRef = 37BFD9DA17CF27FC00218E9B /* 20-gear2.png */; };
		37BFDAA317CF27FD00218E9B /* 200-card-clubs.png in Resources */ = {isa = PBXBuildFile; fileRef = 37BFD9DB17CF27FC00218E9B /* 200-card-clubs.png */; };
		37BFDAA417CF27FD00218E9B /* 21-skull.png in Resources */ = {isa = PBXBuildFile; fileRef = 37BFD9DC17CF27FC00218E9B /* 21-skull.png */; };
		37BFDAA517CF27FD00218E9B /* 22-skull-n-bones.png in Resources */ = {isa = PBXBuildFile; fileRef = 37BFD9DD17CF27FC00218E9B /* 22-skull-n-bones.png */; };
		37BFDAA617CF27FD00218E9B /* 23-bird.png in Resources */ = {isa = PBXBuildFile; fileRef = 37BFD9DE17CF27FC00218E9B /* 23-bird.png */; };
		37BFDAA717CF27FD00218E9B /* 24-gift.png in Resources */ = {isa = PBXBuildFile; fileRef = 37BFD9DF17CF27FC00218E9B /* 24-gift.png */; };
		37BFDAA817CF27FD00218E9B /* 25-weather.png in Resources */ = {isa = PBXBuildFile; fileRef = 37BFD9E017CF27FC00218E9B /* 25-weather.png */; };
		37BFDAA917CF27FD00218E9B /* 26-bandaid.png in Resources */ = {isa = PBXBuildFile; fileRef = 37BFD9E117CF27FD00218E9B /* 26-bandaid.png */; };
		37BFDAAA17CF27FD00218E9B /* 27-planet.png in Resources */ = {isa = PBXBuildFile; fileRef = 37BFD9E217CF27FD00218E9B /* 27-planet.png */; };
		37BFDAAB17CF27FD00218E9B /* 28-star.png in Resources */ = {isa = PBXBuildFile; fileRef = 37BFD9E317CF27FD00218E9B /* 28-star.png */; };
		37BFDAAC17CF27FD00218E9B /* 29-heart.png in Resources */ = {isa = PBXBuildFile; fileRef = 37BFD9E417CF27FD00218E9B /* 29-heart.png */; };
		37BFDAAD17CF27FD00218E9B /* 30-key.png in Resources */ = {isa = PBXBuildFile; fileRef = 37BFD9E517CF27FD00218E9B /* 30-key.png */; };
		37BFDAAE17CF27FD00218E9B /* 31-ipod.png in Resources */ = {isa = PBXBuildFile; fileRef = 37BFD9E617CF27FD00218E9B /* 31-ipod.png */; };
		37BFDAAF17CF27FD00218E9B /* 32-iphone.png in Resources */ = {isa = PBXBuildFile; fileRef = 37BFD9E717CF27FD00218E9B /* 32-iphone.png */; };
		37BFDAB017CF27FD00218E9B /* 33-cabinet.png in Resources */ = {isa = PBXBuildFile; fileRef = 37BFD9E817CF27FD00218E9B /* 33-cabinet.png */; };
		37BFDAB117CF27FD00218E9B /* 34-coffee.png in Resources */ = {isa = PBXBuildFile; fileRef = 37BFD9E917CF27FD00218E9B /* 34-coffee.png */; };
		37BFDAB217CF27FD00218E9B /* 35-shopping.png in Resources */ = {isa = PBXBuildFile; fileRef = 37BFD9EA17CF27FD00218E9B /* 35-shopping.png */; };
		37BFDAB317CF27FD00218E9B /* 36-toolbox.png in Resources */ = {isa = PBXBuildFile; fileRef = 37BFD9EB17CF27FD00218E9B /* 36-toolbox.png */; };
		37BFDAB417CF27FD00218E9B /* 37-suitcase.png in Resources */ = {isa = PBXBuildFile; fileRef = 37BFD9EC17CF27FD00218E9B /* 37-suitcase.png */; };
		37BFDAB517CF27FD00218E9B /* 38-airplane.png in Resources */ = {isa = PBXBuildFile; fileRef = 37BFD9ED17CF27FD00218E9B /* 38-airplane.png */; };
		37BFDAB617CF27FD00218E9B /* 39-spraycan.png in Resources */ = {isa = PBXBuildFile; fileRef = 37BFD9EE17CF27FD00218E9B /* 39-spraycan.png */; };
		37BFDAB717CF27FD00218E9B /* 40-inbox.png in Resources */ = {isa = PBXBuildFile; fileRef = 37BFD9EF17CF27FD00218E9B /* 40-inbox.png */; };
		37BFDAB817CF27FD00218E9B /* 41-picture-frame.png in Resources */ = {isa = PBXBuildFile; fileRef = 37BFD9F017CF27FD00218E9B /* 41-picture-frame.png */; };
		37BFDAB917CF27FD00218E9B /* 42-photos.png in Resources */ = {isa = PBXBuildFile; fileRef = 37BFD9F117CF27FD00218E9B /* 42-photos.png */; };
		37BFDABA17CF27FD00218E9B /* 43-film-roll.png in Resources */ = {isa = PBXBuildFile; fileRef = 37BFD9F217CF27FD00218E9B /* 43-film-roll.png */; };
		37BFDABB17CF27FD00218E9B /* 44-shoebox.png in Resources */ = {isa = PBXBuildFile; fileRef = 37BFD9F317CF27FD00218E9B /* 44-shoebox.png */; };
		37BFDABC17CF27FD00218E9B /* 45-movie-1.png in Resources */ = {isa = PBXBuildFile; fileRef = 37BFD9F417CF27FD00218E9B /* 45-movie-1.png */; };
		37BFDABD17CF27FD00218E9B /* 46-movie-2.png in Resources */ = {isa = PBXBuildFile; fileRef = 37BFD9F517CF27FD00218E9B /* 46-movie-2.png */; };
		37BFDABE17CF27FD00218E9B /* 47-fuel.png in Resources */ = {isa = PBXBuildFile; fileRef = 37BFD9F617CF27FD00218E9B /* 47-fuel.png */; };
		37BFDABF17CF27FD00218E9B /* 48-fork-and-knife.png in Resources */ = {isa = PBXBuildFile; fileRef = 37BFD9F717CF27FD00218E9B /* 48-fork-and-knife.png */; };
		37BFDAC017CF27FD00218E9B /* 49-battery.png in Resources */ = {isa = PBXBuildFile; fileRef = 37BFD9F817CF27FD00218E9B /* 49-battery.png */; };
		37BFDAC117CF27FD00218E9B /* 50-beaker.png in Resources */ = {isa = PBXBuildFile; fileRef = 37BFD9F917CF27FD00218E9B /* 50-beaker.png */; };
		37BFDAC217CF27FD00218E9B /* 51-outlet.png in Resources */ = {isa = PBXBuildFile; fileRef = 37BFD9FA17CF27FD00218E9B /* 51-outlet.png */; };
		37BFDAC317CF27FD00218E9B /* 52-pine-tree.png in Resources */ = {isa = PBXBuildFile; fileRef = 37BFD9FB17CF27FD00218E9B /* 52-pine-tree.png */; };
		37BFDAC417CF27FD00218E9B /* 53-house.png in Resources */ = {isa = PBXBuildFile; fileRef = 37BFD9FC17CF27FD00218E9B /* 53-house.png */; };
		37BFDAC517CF27FD00218E9B /* 54-lock.png in Resources */ = {isa = PBXBuildFile; fileRef = 37BFD9FD17CF27FD00218E9B /* 54-lock.png */; };
		37BFDAC617CF27FD00218E9B /* 55-network.png in Resources */ = {isa = PBXBuildFile; fileRef = 37BFD9FE17CF27FD00218E9B /* 55-network.png */; };
		37BFDAC717CF27FD00218E9B /* 56-cloud.png in Resources */ = {isa = PBXBuildFile; fileRef = 37BFD9FF17CF27FD00218E9B /* 56-cloud.png */; };
		37BFDAC817CF27FD00218E9B /* 57-download.png in Resources */ = {isa = PBXBuildFile; fileRef = 37BFDA0017CF27FD00218E9B /* 57-download.png */; };
		37BFDAC917CF27FD00218E9B /* 58-bookmark.png in Resources */ = {isa = PBXBuildFile; fileRef = 37BFDA0117CF27FD00218E9B /* 58-bookmark.png */; };
		37BFDACA17CF27FD00218E9B /* 59-flag.png in Resources */ = {isa = PBXBuildFile; fileRef = 37BFDA0217CF27FD00218E9B /* 59-flag.png */; };
		37BFDACB17CF27FD00218E9B /* 60-signpost.png in Resources */ = {isa = PBXBuildFile; fileRef = 37BFDA0317CF27FD00218E9B /* 60-signpost.png */; };
		37BFDACC17CF27FD00218E9B /* 61-brightness.png in Resources */ = {isa = PBXBuildFile; fileRef = 37BFDA0417CF27FD00218E9B /* 61-brightness.png */; };
		37BFDACD17CF27FD00218E9B /* 62-contrast.png in Resources */ = {isa = PBXBuildFile; fileRef = 37BFDA0517CF27FD00218E9B /* 62-contrast.png */; };
		37BFDACE17CF27FD00218E9B /* 63-runner.png in Resources */ = {isa = PBXBuildFile; fileRef = 37BFDA0617CF27FD00218E9B /* 63-runner.png */; };
		37BFDACF17CF27FD00218E9B /* 64-zap.png in Resources */ = {isa = PBXBuildFile; fileRef = 37BFDA0717CF27FD00218E9B /* 64-zap.png */; };
		37BFDAD017CF27FD00218E9B /* 65-note.png in Resources */ = {isa = PBXBuildFile; fileRef = 37BFDA0817CF27FD00218E9B /* 65-note.png */; };
		37BFDAD117CF27FD00218E9B /* 66-microphone.png in Resources */ = {isa = PBXBuildFile; fileRef = 37BFDA0917CF27FD00218E9B /* 66-microphone.png */; };
		37BFDAD217CF27FD00218E9B /* 67-tshirt.png in Resources */ = {isa = PBXBuildFile; fileRef = 37BFDA0A17CF27FD00218E9B /* 67-tshirt.png */; };
		37BFDAD317CF27FD00218E9B /* 68-paperclip.png in Resources */ = {isa = PBXBuildFile; fileRef = 37BFDA0B17CF27FD00218E9B /* 68-paperclip.png */; };
		37BFDAD417CF27FD00218E9B /* 69-display.png in Resources */ = {isa = PBXBuildFile; fileRef = 37BFDA0C17CF27FD00218E9B /* 69-display.png */; };
		37BFDAD517CF27FD00218E9B /* 70-tv.png in Resources */ = {isa = PBXBuildFile; fileRef = 37BFDA0D17CF27FD00218E9B /* 70-tv.png */; };
		37BFDAD617CF27FD00218E9B /* 71-compass.png in Resources */ = {isa = PBXBuildFile; fileRef = 37BFDA0E17CF27FD00218E9B /* 71-compass.png */; };
		37BFDAD717CF27FD00218E9B /* 72-pin.png in Resources */ = {isa = PBXBuildFile; fileRef = 37BFDA0F17CF27FD00218E9B /* 72-pin.png */; };
		37BFDAD817CF27FD00218E9B /* 73-radar.png in Resources */ = {isa = PBXBuildFile; fileRef = 37BFDA1017CF27FD00218E9B /* 73-radar.png */; };
		37BFDAD917CF27FD00218E9B /* 74-location.png in Resources */ = {isa = PBXBuildFile; fileRef = 37BFDA1117CF27FD00218E9B /* 74-location.png */; };
		37BFDADA17CF27FD00218E9B /* 75-phone.png in Resources */ = {isa = PBXBuildFile; fileRef = 37BFDA1217CF27FD00218E9B /* 75-phone.png */; };
		37BFDADB17CF27FD00218E9B /* 76-baby.png in Resources */ = {isa = PBXBuildFile; fileRef = 37BFDA1317CF27FD00218E9B /* 76-baby.png */; };
		37BFDADC17CF27FD00218E9B /* 77-ekg.png in Resources */ = {isa = PBXBuildFile; fileRef = 37BFDA1417CF27FD00218E9B /* 77-ekg.png */; };
		37BFDADD17CF27FD00218E9B /* 78-stopwatch.png in Resources */ = {isa = PBXBuildFile; fileRef = 37BFDA1517CF27FD00218E9B /* 78-stopwatch.png */; };
		37BFDADE17CF27FD00218E9B /* 79-medical-bag.png in Resources */ = {isa = PBXBuildFile; fileRef = 37BFDA1617CF27FD00218E9B /* 79-medical-bag.png */; };
		37BFDADF17CF27FD00218E9B /* 80-shopping-cart.png in Resources */ = {isa = PBXBuildFile; fileRef = 37BFDA1717CF27FD00218E9B /* 80-shopping-cart.png */; };
		37BFDAE017CF27FD00218E9B /* 81-dashboard.png in Resources */ = {isa = PBXBuildFile; fileRef = 37BFDA1817CF27FD00218E9B /* 81-dashboard.png */; };
		37BFDAE117CF27FD00218E9B /* 82-dog-paw.png in Resources */ = {isa = PBXBuildFile; fileRef = 37BFDA1917CF27FD00218E9B /* 82-dog-paw.png */; };
		37BFDAE217CF27FD00218E9B /* 83-calendar.png in Resources */ = {isa = PBXBuildFile; fileRef = 37BFDA1A17CF27FD00218E9B /* 83-calendar.png */; };
		37BFDAE317CF27FD00218E9B /* 84-lightbulb.png in Resources */ = {isa = PBXBuildFile; fileRef = 37BFDA1B17CF27FD00218E9B /* 84-lightbulb.png */; };
		37BFDAE417CF27FD00218E9B /* 85-trophy.png in Resources */ = {isa = PBXBuildFile; fileRef = 37BFDA1C17CF27FD00218E9B /* 85-trophy.png */; };
		37BFDAE517CF27FD00218E9B /* 86-camera.png in Resources */ = {isa = PBXBuildFile; fileRef = 37BFDA1D17CF27FD00218E9B /* 86-camera.png */; };
		37BFDAE617CF27FD00218E9B /* 87-wine-glass.png in Resources */ = {isa = PBXBuildFile; fileRef = 37BFDA1E17CF27FD00218E9B /* 87-wine-glass.png */; };
		37BFDAE717CF27FD00218E9B /* 88-beer-mug.png in Resources */ = {isa = PBXBuildFile; fileRef = 37BFDA1F17CF27FD00218E9B /* 88-beer-mug.png */; };
		37BFDAE817CF27FD00218E9B /* 89-dumbell.png in Resources */ = {isa = PBXBuildFile; fileRef = 37BFDA2017CF27FD00218E9B /* 89-dumbell.png */; };
		37BFDAE917CF27FD00218E9B /* 90-life-buoy.png in Resources */ = {isa = PBXBuildFile; fileRef = 37BFDA2117CF27FD00218E9B /* 90-life-buoy.png */; };
		37BFDAEA17CF27FD00218E9B /* 91-beaker-2.png in Resources */ = {isa = PBXBuildFile; fileRef = 37BFDA2217CF27FD00218E9B /* 91-beaker-2.png */; };
		37BFDAEB17CF27FD00218E9B /* 92-test-tube.png in Resources */ = {isa = PBXBuildFile; fileRef = 37BFDA2317CF27FD00218E9B /* 92-test-tube.png */; };
		37BFDAEC17CF27FD00218E9B /* 93-thermometer.png in Resources */ = {isa = PBXBuildFile; fileRef = 37BFDA2417CF27FD00218E9B /* 93-thermometer.png */; };
		37BFDAED17CF27FD00218E9B /* 94-pill.png in Resources */ = {isa = PBXBuildFile; fileRef = 37BFDA2517CF27FD00218E9B /* 94-pill.png */; };
		37BFDAEE17CF27FD00218E9B /* 95-equalizer.png in Resources */ = {isa = PBXBuildFile; fileRef = 37BFDA2617CF27FD00218E9B /* 95-equalizer.png */; };
		37BFDAEF17CF27FD00218E9B /* 96-book.png in Resources */ = {isa = PBXBuildFile; fileRef = 37BFDA2717CF27FD00218E9B /* 96-book.png */; };
		37BFDAF017CF27FD00218E9B /* 97-puzzle.png in Resources */ = {isa = PBXBuildFile; fileRef = 37BFDA2817CF27FD00218E9B /* 97-puzzle.png */; };
		37BFDAF117CF27FD00218E9B /* 98-palette.png in Resources */ = {isa = PBXBuildFile; fileRef = 37BFDA2917CF27FD00218E9B /* 98-palette.png */; };
		37BFDAF217CF27FD00218E9B /* 99-umbrella.png in Resources */ = {isa = PBXBuildFile; fileRef = 37BFDA2A17CF27FD00218E9B /* 99-umbrella.png */; };
/* End PBXBuildFile section */

/* Begin PBXFileReference section */
		37BFD93C17CEFF1500218E9B /* MyInformation.app */ = {isa = PBXFileReference; explicitFileType = wrapper.application; includeInIndex = 0; path = MyInformation.app; sourceTree = BUILT_PRODUCTS_DIR; };
		37BFD93F17CEFF1500218E9B /* UIKit.framework */ = {isa = PBXFileReference; lastKnownFileType = wrapper.framework; name = UIKit.framework; path = System/Library/Frameworks/UIKit.framework; sourceTree = SDKROOT; };
		37BFD94117CEFF1500218E9B /* Foundation.framework */ = {isa = PBXFileReference; lastKnownFileType = wrapper.framework; name = Foundation.framework; path = System/Library/Frameworks/Foundation.framework; sourceTree = SDKROOT; };
		37BFD94317CEFF1500218E9B /* CoreGraphics.framework */ = {isa = PBXFileReference; lastKnownFileType = wrapper.framework; name = CoreGraphics.framework; path = System/Library/Frameworks/CoreGraphics.framework; sourceTree = SDKROOT; };
		37BFD94717CEFF1500218E9B /* MyInformation-Info.plist */ = {isa = PBXFileReference; lastKnownFileType = text.plist.xml; path = "MyInformation-Info.plist"; sourceTree = "<group>"; };
		37BFD94917CEFF1500218E9B /* en */ = {isa = PBXFileReference; lastKnownFileType = text.plist.strings; name = en; path = en.lproj/InfoPlist.strings; sourceTree = "<group>"; };
		37BFD94B17CEFF1500218E9B /* main.m */ = {isa = PBXFileReference; lastKnownFileType = sourcecode.c.objc; path = main.m; sourceTree = "<group>"; };
		37BFD94D17CEFF1500218E9B /* MyInformation-Prefix.pch */ = {isa = PBXFileReference; lastKnownFileType = sourcecode.c.h; path = "MyInformation-Prefix.pch"; sourceTree = "<group>"; };
		37BFD94E17CEFF1500218E9B /* AppDelegate.h */ = {isa = PBXFileReference; lastKnownFileType = sourcecode.c.h; path = AppDelegate.h; sourceTree = "<group>"; };
		37BFD94F17CEFF1500218E9B /* AppDelegate.m */ = {isa = PBXFileReference; lastKnownFileType = sourcecode.c.objc; path = AppDelegate.m; sourceTree = "<group>"; };
		37BFD95117CEFF1500218E9B /* Default.png */ = {isa = PBXFileReference; lastKnownFileType = image.png; path = Default.png; sourceTree = "<group>"; };
		37BFD95317CEFF1500218E9B /* Default@2x.png */ = {isa = PBXFileReference; lastKnownFileType = image.png; path = "Default@2x.png"; sourceTree = "<group>"; };
		37BFD95517CEFF1500218E9B /* Default-568h@2x.png */ = {isa = PBXFileReference; lastKnownFileType = image.png; path = "Default-568h@2x.png"; sourceTree = "<group>"; };
		37BFD95817CEFF1500218E9B /* en */ = {isa = PBXFileReference; lastKnownFileType = file.storyboard; name = en; path = en.lproj/MainStoryboard.storyboard; sourceTree = "<group>"; };
		37BFD95A17CEFF1500218E9B /* ViewController.h */ = {isa = PBXFileReference; lastKnownFileType = sourcecode.c.h; path = ViewController.h; sourceTree = "<group>"; };
		37BFD95B17CEFF1500218E9B /* ViewController.m */ = {isa = PBXFileReference; lastKnownFileType = sourcecode.c.objc; path = ViewController.m; sourceTree = "<group>"; };
		37BFD96317CF27FC00218E9B /* 01-refresh.png */ = {isa = PBXFileReference; lastKnownFileType = image.png; path = "01-refresh.png"; sourceTree = "<group>"; };
		37BFD96417CF27FC00218E9B /* 02-redo.png */ = {isa = PBXFileReference; lastKnownFileType = image.png; path = "02-redo.png"; sourceTree = "<group>"; };
		37BFD96517CF27FC00218E9B /* 03-loopback.png */ = {isa = PBXFileReference; lastKnownFileType = image.png; path = "03-loopback.png"; sourceTree = "<group>"; };
		37BFD96617CF27FC00218E9B /* 04-squiggle.png */ = {isa = PBXFileReference; lastKnownFileType = image.png; path = "04-squiggle.png"; sourceTree = "<group>"; };
		37BFD96717CF27FC00218E9B /* 05-shuffle.png */ = {isa = PBXFileReference; lastKnownFileType = image.png; path = "05-shuffle.png"; sourceTree = "<group>"; };
		37BFD96817CF27FC00218E9B /* 06-magnify.png */ = {isa = PBXFileReference; lastKnownFileType = image.png; path = "06-magnify.png"; sourceTree = "<group>"; };
		37BFD96917CF27FC00218E9B /* 07-map-marker.png */ = {isa = PBXFileReference; lastKnownFileType = image.png; path = "07-map-marker.png"; sourceTree = "<group>"; };
		37BFD96A17CF27FC00218E9B /* 08-chat.png */ = {isa = PBXFileReference; lastKnownFileType = image.png; path = "08-chat.png"; sourceTree = "<group>"; };
		37BFD96B17CF27FC00218E9B /* 09-chat-2.png */ = {isa = PBXFileReference; lastKnownFileType = image.png; path = "09-chat-2.png"; sourceTree = "<group>"; };
		37BFD96C17CF27FC00218E9B /* 10-medical.png */ = {isa = PBXFileReference; lastKnownFileType = image.png; path = "10-medical.png"; sourceTree = "<group>"; };
		37BFD96D17CF27FC00218E9B /* 100-coffee.png */ = {isa = PBXFileReference; lastKnownFileType = image.png; path = "100-coffee.png"; sourceTree = "<group>"; };
		37BFD96E17CF27FC00218E9B /* 101-gameplan.png */ = {isa = PBXFileReference; lastKnownFileType = image.png; path = "101-gameplan.png"; sourceTree = "<group>"; };
		37BFD96F17CF27FC00218E9B /* 102-walk.png */ = {isa = PBXFileReference; lastKnownFileType = image.png; path = "102-walk.png"; sourceTree = "<group>"; };
		37BFD97017CF27FC00218E9B /* 103-map.png */ = {isa = PBXFileReference; lastKnownFileType = image.png; path = "103-map.png"; sourceTree = "<group>"; };
		37BFD97117CF27FC00218E9B /* 104-index-cards.png */ = {isa = PBXFileReference; lastKnownFileType = image.png; path = "104-index-cards.png"; sourceTree = "<group>"; };
		37BFD97217CF27FC00218E9B /* 105-piano.png */ = {isa = PBXFileReference; lastKnownFileType = image.png; path = "105-piano.png"; sourceTree = "<group>"; };
		37BFD97317CF27FC00218E9B /* 106-sliders.png */ = {isa = PBXFileReference; lastKnownFileType = image.png; path = "106-sliders.png"; sourceTree = "<group>"; };
		37BFD97417CF27FC00218E9B /* 107-widescreen.png */ = {isa = PBXFileReference; lastKnownFileType = image.png; path = "107-widescreen.png"; sourceTree = "<group>"; };
		37BFD97517CF27FC00218E9B /* 108-badge.png */ = {isa = PBXFileReference; lastKnownFileType = image.png; path = "108-badge.png"; sourceTree = "<group>"; };
		37BFD97617CF27FC00218E9B /* 109-chicken.png */ = {isa = PBXFileReference; lastKnownFileType = image.png; path = "109-chicken.png"; sourceTree = "<group>"; };
		37BFD97717CF27FC00218E9B /* 11-clock.png */ = {isa = PBXFileReference; lastKnownFileType = image.png; path = "11-clock.png"; sourceTree = "<group>"; };
		37BFD97817CF27FC00218E9B /* 110-bug.png */ = {isa = PBXFileReference; lastKnownFileType = image.png; path = "110-bug.png"; sourceTree = "<group>"; };
		37BFD97917CF27FC00218E9B /* 111-user.png */ = {isa = PBXFileReference; lastKnownFileType = image.png; path = "111-user.png"; sourceTree = "<group>"; };
		37BFD97A17CF27FC00218E9B /* 112-group.png */ = {isa = PBXFileReference; lastKnownFileType = image.png; path = "112-group.png"; sourceTree = "<group>"; };
		37BFD97B17CF27FC00218E9B /* 113-navigation.png */ = {isa = PBXFileReference; lastKnownFileType = image.png; path = "113-navigation.png"; sourceTree = "<group>"; };
		37BFD97C17CF27FC00218E9B /* 114-balloon.png */ = {isa = PBXFileReference; lastKnownFileType = image.png; path = "114-balloon.png"; sourceTree = "<group>"; };
		37BFD97D17CF27FC00218E9B /* 115-bow-and-arrow.png */ = {isa = PBXFileReference; lastKnownFileType = image.png; path = "115-bow-and-arrow.png"; sourceTree = "<group>"; };
		37BFD97E17CF27FC00218E9B /* 116-controller.png */ = {isa = PBXFileReference; lastKnownFileType = image.png; path = "116-controller.png"; sourceTree = "<group>"; };
		37BFD97F17CF27FC00218E9B /* 117-todo.png */ = {isa = PBXFileReference; lastKnownFileType = image.png; path = "117-todo.png"; sourceTree = "<group>"; };
		37BFD98017CF27FC00218E9B /* 118-coat-hanger.png */ = {isa = PBXFileReference; lastKnownFileType = image.png; path = "118-coat-hanger.png"; sourceTree = "<group>"; };
		37BFD98117CF27FC00218E9B /* 119-piggy-bank.png */ = {isa = PBXFileReference; lastKnownFileType = image.png; path = "119-piggy-bank.png"; sourceTree = "<group>"; };
		37BFD98217CF27FC00218E9B /* 12-eye.png */ = {isa = PBXFileReference; lastKnownFileType = image.png; path = "12-eye.png"; sourceTree = "<group>"; };
		37BFD98317CF27FC00218E9B /* 120-headphones.png */ = {isa = PBXFileReference; lastKnownFileType = image.png; path = "120-headphones.png"; sourceTree = "<group>"; };
		37BFD98417CF27FC00218E9B /* 121-landscape.png */ = {isa = PBXFileReference; lastKnownFileType = image.png; path = "121-landscape.png"; sourceTree = "<group>"; };
		37BFD98517CF27FC00218E9B /* 122-stats.png */ = {isa = PBXFileReference; lastKnownFileType = image.png; path = "122-stats.png"; sourceTree = "<group>"; };
		37BFD98617CF27FC00218E9B /* 123-id-card.png */ = {isa = PBXFileReference; lastKnownFileType = image.png; path = "123-id-card.png"; sourceTree = "<group>"; };
		37BFD98717CF27FC00218E9B /* 124-bullhorn.png */ = {isa = PBXFileReference; lastKnownFileType = image.png; path = "124-bullhorn.png"; sourceTree = "<group>"; };
		37BFD98817CF27FC00218E9B /* 125-food.png */ = {isa = PBXFileReference; lastKnownFileType = image.png; path = "125-food.png"; sourceTree = "<group>"; };
		37BFD98917CF27FC00218E9B /* 126-moon.png */ = {isa = PBXFileReference; lastKnownFileType = image.png; path = "126-moon.png"; sourceTree = "<group>"; };
		37BFD98A17CF27FC00218E9B /* 127-sock.png */ = {isa = PBXFileReference; lastKnownFileType = image.png; path = "127-sock.png"; sourceTree = "<group>"; };
		37BFD98B17CF27FC00218E9B /* 128-bone.png */ = {isa = PBXFileReference; lastKnownFileType = image.png; path = "128-bone.png"; sourceTree = "<group>"; };
		37BFD98C17CF27FC00218E9B /* 129-golf.png */ = {isa = PBXFileReference; lastKnownFileType = image.png; path = "129-golf.png"; sourceTree = "<group>"; };
		37BFD98D17CF27FC00218E9B /* 13-target.png */ = {isa = PBXFileReference; lastKnownFileType = image.png; path = "13-target.png"; sourceTree = "<group>"; };
		37BFD98E17CF27FC00218E9B /* 130-dice.png */ = {isa = PBXFileReference; lastKnownFileType = image.png; path = "130-dice.png"; sourceTree = "<group>"; };
		37BFD98F17CF27FC00218E9B /* 131-tower.png */ = {isa = PBXFileReference; lastKnownFileType = image.png; path = "131-tower.png"; sourceTree = "<group>"; };
		37BFD99017CF27FC00218E9B /* 132-ghost.png */ = {isa = PBXFileReference; lastKnownFileType = image.png; path = "132-ghost.png"; sourceTree = "<group>"; };
		37BFD99117CF27FC00218E9B /* 133-ufo.png */ = {isa = PBXFileReference; lastKnownFileType = image.png; path = "133-ufo.png"; sourceTree = "<group>"; };
		37BFD99217CF27FC00218E9B /* 134-viking.png */ = {isa = PBXFileReference; lastKnownFileType = image.png; path = "134-viking.png"; sourceTree = "<group>"; };
		37BFD99317CF27FC00218E9B /* 135-hockeymask.png */ = {isa = PBXFileReference; lastKnownFileType = image.png; path = "135-hockeymask.png"; sourceTree = "<group>"; };
		37BFD99417CF27FC00218E9B /* 136-tractor.png */ = {isa = PBXFileReference; lastKnownFileType = image.png; path = "136-tractor.png"; sourceTree = "<group>"; };
		37BFD99517CF27FC00218E9B /* 137-presentation.png */ = {isa = PBXFileReference; lastKnownFileType = image.png; path = "137-presentation.png"; sourceTree = "<group>"; };
		37BFD99617CF27FC00218E9B /* 138-scales.png */ = {isa = PBXFileReference; lastKnownFileType = image.png; path = "138-scales.png"; sourceTree = "<group>"; };
		37BFD99717CF27FC00218E9B /* 139-flags.png */ = {isa = PBXFileReference; lastKnownFileType = image.png; path = "139-flags.png"; sourceTree = "<group>"; };
		37BFD99817CF27FC00218E9B /* 14-tag.png */ = {isa = PBXFileReference; lastKnownFileType = image.png; path = "14-tag.png"; sourceTree = "<group>"; };
		37BFD99917CF27FC00218E9B /* 140-gradhat.png */ = {isa = PBXFileReference; lastKnownFileType = image.png; path = "140-gradhat.png"; sourceTree = "<group>"; };
		37BFD99A17CF27FC00218E9B /* 141-lamp.png */ = {isa = PBXFileReference; lastKnownFileType = image.png; path = "141-lamp.png"; sourceTree = "<group>"; };
		37BFD99B17CF27FC00218E9B /* 142-wine-bottle.png */ = {isa = PBXFileReference; lastKnownFileType = image.png; path = "142-wine-bottle.png"; sourceTree = "<group>"; };
		37BFD99C17CF27FC00218E9B /* 143-liquor-bottle.png */ = {isa = PBXFileReference; lastKnownFileType = image.png; path = "143-liquor-bottle.png"; sourceTree = "<group>"; };
		37BFD99D17CF27FC00218E9B /* 144-martini.png */ = {isa = PBXFileReference; lastKnownFileType = image.png; path = "144-martini.png"; sourceTree = "<group>"; };
		37BFD99E17CF27FC00218E9B /* 145-persondot.png */ = {isa = PBXFileReference; lastKnownFileType = image.png; path = "145-persondot.png"; sourceTree = "<group>"; };
		37BFD99F17CF27FC00218E9B /* 146-gavel.png */ = {isa = PBXFileReference; lastKnownFileType = image.png; path = "146-gavel.png"; sourceTree = "<group>"; };
		37BFD9A017CF27FC00218E9B /* 147-popsicle.png */ = {isa = PBXFileReference; lastKnownFileType = image.png; path = "147-popsicle.png"; sourceTree = "<group>"; };
		37BFD9A117CF27FC00218E9B /* 148-doghouse.png */ = {isa = PBXFileReference; lastKnownFileType = image.png; path = "148-doghouse.png"; sourceTree = "<group>"; };
		37BFD9A217CF27FC00218E9B /* 149-windmill.png */ = {isa = PBXFileReference; lastKnownFileType = image.png; path = "149-windmill.png"; sourceTree = "<group>"; };
		37BFD9A317CF27FC00218E9B /* 15-tags.png */ = {isa = PBXFileReference; lastKnownFileType = image.png; path = "15-tags.png"; sourceTree = "<group>"; };
		37BFD9A417CF27FC00218E9B /* 150-sailboat.png */ = {isa = PBXFileReference; lastKnownFileType = image.png; path = "150-sailboat.png"; sourceTree = "<group>"; };
		37BFD9A517CF27FC00218E9B /* 151-telescope.png */ = {isa = PBXFileReference; lastKnownFileType = image.png; path = "151-telescope.png"; sourceTree = "<group>"; };
		37BFD9A617CF27FC00218E9B /* 152-rolodex.png */ = {isa = PBXFileReference; lastKnownFileType = image.png; path = "152-rolodex.png"; sourceTree = "<group>"; };
		37BFD9A717CF27FC00218E9B /* 153-guitar.png */ = {isa = PBXFileReference; lastKnownFileType = image.png; path = "153-guitar.png"; sourceTree = "<group>"; };
		37BFD9A817CF27FC00218E9B /* 154-necktie.png */ = {isa = PBXFileReference; lastKnownFileType = image.png; path = "154-necktie.png"; sourceTree = "<group>"; };
		37BFD9A917CF27FC00218E9B /* 155-bowtie.png */ = {isa = PBXFileReference; lastKnownFileType = image.png; path = "155-bowtie.png"; sourceTree = "<group>"; };
		37BFD9AA17CF27FC00218E9B /* 156-controlpad.png */ = {isa = PBXFileReference; lastKnownFileType = image.png; path = "156-controlpad.png"; sourceTree = "<group>"; };
		37BFD9AB17CF27FC00218E9B /* 157-wrench.png */ = {isa = PBXFileReference; lastKnownFileType = image.png; path = "157-wrench.png"; sourceTree = "<group>"; };
		37BFD9AC17CF27FC00218E9B /* 158-wrench-2.png */ = {isa = PBXFileReference; lastKnownFileType = image.png; path = "158-wrench-2.png"; sourceTree = "<group>"; };
		37BFD9AD17CF27FC00218E9B /* 159-voicemail.png */ = {isa = PBXFileReference; lastKnownFileType = image.png; path = "159-voicemail.png"; sourceTree = "<group>"; };
		37BFD9AE17CF27FC00218E9B /* 16-line-chart.png */ = {isa = PBXFileReference; lastKnownFileType = image.png; path = "16-line-chart.png"; sourceTree = "<group>"; };
		37BFD9AF17CF27FC00218E9B /* 160-voicemail-2.png */ = {isa = PBXFileReference; lastKnownFileType = image.png; path = "160-voicemail-2.png"; sourceTree = "<group>"; };
		37BFD9B017CF27FC00218E9B /* 161-calculator.png */ = {isa = PBXFileReference; lastKnownFileType = image.png; path = "161-calculator.png"; sourceTree = "<group>"; };
		37BFD9B117CF27FC00218E9B /* 162-receipt.png */ = {isa = PBXFileReference; lastKnownFileType = image.png; path = "162-receipt.png"; sourceTree = "<group>"; };
		37BFD9B217CF27FC00218E9B /* 163-glasses-1.png */ = {isa = PBXFileReference; lastKnownFileType = image.png; path = "163-glasses-1.png"; sourceTree = "<group>"; };
		37BFD9B317CF27FC00218E9B /* 164-glasses-2.png */ = {isa = PBXFileReference; lastKnownFileType = image.png; path = "164-glasses-2.png"; sourceTree = "<group>"; };
		37BFD9B417CF27FC00218E9B /* 165-glasses-3.png */ = {isa = PBXFileReference; lastKnownFileType = image.png; path = "165-glasses-3.png"; sourceTree = "<group>"; };
		37BFD9B517CF27FC00218E9B /* 166-newspaper.png */ = {isa = PBXFileReference; lastKnownFileType = image.png; path = "166-newspaper.png"; sourceTree = "<group>"; };
		37BFD9B617CF27FC00218E9B /* 167-upload-photo.png */ = {isa = PBXFileReference; lastKnownFileType = image.png; path = "167-upload-photo.png"; sourceTree = "<group>"; };
		37BFD9B717CF27FC00218E9B /* 168-upload-photo-2.png */ = {isa = PBXFileReference; lastKnownFileType = image.png; path = "168-upload-photo-2.png"; sourceTree = "<group>"; };
		37BFD9B817CF27FC00218E9B /* 169-8ball.png */ = {isa = PBXFileReference; lastKnownFileType = image.png; path = "169-8ball.png"; sourceTree = "<group>"; };
		37BFD9B917CF27FC00218E9B /* 17-bar-chart.png */ = {isa = PBXFileReference; lastKnownFileType = image.png; path = "17-bar-chart.png"; sourceTree = "<group>"; };
		37BFD9BA17CF27FC00218E9B /* 170-butterfly.png */ = {isa = PBXFileReference; lastKnownFileType = image.png; path = "170-butterfly.png"; sourceTree = "<group>"; };
		37BFD9BB17CF27FC00218E9B /* 171-sun.png */ = {isa = PBXFileReference; lastKnownFileType = image.png; path = "171-sun.png"; sourceTree = "<group>"; };
		37BFD9BC17CF27FC00218E9B /* 172-pricetag.png */ = {isa = PBXFileReference; lastKnownFileType = image.png; path = "172-pricetag.png"; sourceTree = "<group>"; };
		37BFD9BD17CF27FC00218E9B /* 173-eyedropper.png */ = {isa = PBXFileReference; lastKnownFileType = image.png; path = "173-eyedropper.png"; sourceTree = "<group>"; };
		37BFD9BE17CF27FC00218E9B /* 174-imac.png */ = {isa = PBXFileReference; lastKnownFileType = image.png; path = "174-imac.png"; sourceTree = "<group>"; };
		37BFD9BF17CF27FC00218E9B /* 175-macbook.png */ = {isa = PBXFileReference; lastKnownFileType = image.png; path = "175-macbook.png"; sourceTree = "<group>"; };
		37BFD9C017CF27FC00218E9B /* 176-ipad.png */ = {isa = PBXFileReference; lastKnownFileType = image.png; path = "176-ipad.png"; sourceTree = "<group>"; };
		37BFD9C117CF27FC00218E9B /* 177-building.png */ = {isa = PBXFileReference; lastKnownFileType = image.png; path = "177-building.png"; sourceTree = "<group>"; };
		37BFD9C217CF27FC00218E9B /* 178-city.png */ = {isa = PBXFileReference; lastKnownFileType = image.png; path = "178-city.png"; sourceTree = "<group>"; };
		37BFD9C317CF27FC00218E9B /* 179-notepad.png */ = {isa = PBXFileReference; lastKnownFileType = image.png; path = "179-notepad.png"; sourceTree = "<group>"; };
		37BFD9C417CF27FC00218E9B /* 18-envelope.png */ = {isa = PBXFileReference; lastKnownFileType = image.png; path = "18-envelope.png"; sourceTree = "<group>"; };
		37BFD9C517CF27FC00218E9B /* 180-stickynote.png */ = {isa = PBXFileReference; lastKnownFileType = image.png; path = "180-stickynote.png"; sourceTree = "<group>"; };
		37BFD9C617CF27FC00218E9B /* 181-hammer.png */ = {isa = PBXFileReference; lastKnownFileType = image.png; path = "181-hammer.png"; sourceTree = "<group>"; };
		37BFD9C717CF27FC00218E9B /* 182-messenger-bag.png */ = {isa = PBXFileReference; lastKnownFileType = image.png; path = "182-messenger-bag.png"; sourceTree = "<group>"; };
		37BFD9C817CF27FC00218E9B /* 183-genie-lamp.png */ = {isa = PBXFileReference; lastKnownFileType = image.png; path = "183-genie-lamp.png"; sourceTree = "<group>"; };
		37BFD9C917CF27FC00218E9B /* 184-warning.png */ = {isa = PBXFileReference; lastKnownFileType = image.png; path = "184-warning.png"; sourceTree = "<group>"; };
		37BFD9CA17CF27FC00218E9B /* 185-printer.png */ = {isa = PBXFileReference; lastKnownFileType = image.png; path = "185-printer.png"; sourceTree = "<group>"; };
		37BFD9CB17CF27FC00218E9B /* 186-ruler.png */ = {isa = PBXFileReference; lastKnownFileType = image.png; path = "186-ruler.png"; sourceTree = "<group>"; };
		37BFD9CC17CF27FC00218E9B /* 187-pencil.png */ = {isa = PBXFileReference; lastKnownFileType = image.png; path = "187-pencil.png"; sourceTree = "<group>"; };
		37BFD9CD17CF27FC00218E9B /* 188-paint-roller.png */ = {isa = PBXFileReference; lastKnownFileType = image.png; path = "188-paint-roller.png"; sourceTree = "<group>"; };
		37BFD9CE17CF27FC00218E9B /* 189-plant.png */ = {isa = PBXFileReference; lastKnownFileType = image.png; path = "189-plant.png"; sourceTree = "<group>"; };
		37BFD9CF17CF27FC00218E9B /* 19-gear.png */ = {isa = PBXFileReference; lastKnownFileType = image.png; path = "19-gear.png"; sourceTree = "<group>"; };
		37BFD9D017CF27FC00218E9B /* 190-bank.png */ = {isa = PBXFileReference; lastKnownFileType = image.png; path = "190-bank.png"; sourceTree = "<group>"; };
		37BFD9D117CF27FC00218E9B /* 191-collection.png */ = {isa = PBXFileReference; lastKnownFileType = image.png; path = "191-collection.png"; sourceTree = "<group>"; };
		37BFD9D217CF27FC00218E9B /* 192-credit-card.png */ = {isa = PBXFileReference; lastKnownFileType = image.png; path = "192-credit-card.png"; sourceTree = "<group>"; };
		37BFD9D317CF27FC00218E9B /* 193-location-arrow.png */ = {isa = PBXFileReference; lastKnownFileType = image.png; path = "193-location-arrow.png"; sourceTree = "<group>"; };
		37BFD9D417CF27FC00218E9B /* 194-note-2.png */ = {isa = PBXFileReference; lastKnownFileType = image.png; path = "194-note-2.png"; sourceTree = "<group>"; };
		37BFD9D517CF27FC00218E9B /* 195-barcode.png */ = {isa = PBXFileReference; lastKnownFileType = image.png; path = "195-barcode.png"; sourceTree = "<group>"; };
		37BFD9D617CF27FC00218E9B /* 196-radiation.png */ = {isa = PBXFileReference; lastKnownFileType = image.png; path = "196-radiation.png"; sourceTree = "<group>"; };
		37BFD9D717CF27FC00218E9B /* 197-card-diamonds.png */ = {isa = PBXFileReference; lastKnownFileType = image.png; path = "197-card-diamonds.png"; sourceTree = "<group>"; };
		37BFD9D817CF27FC00218E9B /* 198-card-spades.png */ = {isa = PBXFileReference; lastKnownFileType = image.png; path = "198-card-spades.png"; sourceTree = "<group>"; };
		37BFD9D917CF27FC00218E9B /* 199-card-hearts.png */ = {isa = PBXFileReference; lastKnownFileType = image.png; path = "199-card-hearts.png"; sourceTree = "<group>"; };
		37BFD9DA17CF27FC00218E9B /* 20-gear2.png */ = {isa = PBXFileReference; lastKnownFileType = image.png; path = "20-gear2.png"; sourceTree = "<group>"; };
		37BFD9DB17CF27FC00218E9B /* 200-card-clubs.png */ = {isa = PBXFileReference; lastKnownFileType = image.png; path = "200-card-clubs.png"; sourceTree = "<group>"; };
		37BFD9DC17CF27FC00218E9B /* 21-skull.png */ = {isa = PBXFileReference; lastKnownFileType = image.png; path = "21-skull.png"; sourceTree = "<group>"; };
		37BFD9DD17CF27FC00218E9B /* 22-skull-n-bones.png */ = {isa = PBXFileReference; lastKnownFileType = image.png; path = "22-skull-n-bones.png"; sourceTree = "<group>"; };
		37BFD9DE17CF27FC00218E9B /* 23-bird.png */ = {isa = PBXFileReference; lastKnownFileType = image.png; path = "23-bird.png"; sourceTree = "<group>"; };
		37BFD9DF17CF27FC00218E9B /* 24-gift.png */ = {isa = PBXFileReference; lastKnownFileType = image.png; path = "24-gift.png"; sourceTree = "<group>"; };
		37BFD9E017CF27FC00218E9B /* 25-weather.png */ = {isa = PBXFileReference; lastKnownFileType = image.png; path = "25-weather.png"; sourceTree = "<group>"; };
		37BFD9E117CF27FD00218E9B /* 26-bandaid.png */ = {isa = PBXFileReference; lastKnownFileType = image.png; path = "26-bandaid.png"; sourceTree = "<group>"; };
		37BFD9E217CF27FD00218E9B /* 27-planet.png */ = {isa = PBXFileReference; lastKnownFileType = image.png; path = "27-planet.png"; sourceTree = "<group>"; };
		37BFD9E317CF27FD00218E9B /* 28-star.png */ = {isa = PBXFileReference; lastKnownFileType = image.png; path = "28-star.png"; sourceTree = "<group>"; };
		37BFD9E417CF27FD00218E9B /* 29-heart.png */ = {isa = PBXFileReference; lastKnownFileType = image.png; path = "29-heart.png"; sourceTree = "<group>"; };
		37BFD9E517CF27FD00218E9B /* 30-key.png */ = {isa = PBXFileReference; lastKnownFileType = image.png; path = "30-key.png"; sourceTree = "<group>"; };
		37BFD9E617CF27FD00218E9B /* 31-ipod.png */ = {isa = PBXFileReference; lastKnownFileType = image.png; path = "31-ipod.png"; sourceTree = "<group>"; };
		37BFD9E717CF27FD00218E9B /* 32-iphone.png */ = {isa = PBXFileReference; lastKnownFileType = image.png; path = "32-iphone.png"; sourceTree = "<group>"; };
		37BFD9E817CF27FD00218E9B /* 33-cabinet.png */ = {isa = PBXFileReference; lastKnownFileType = image.png; path = "33-cabinet.png"; sourceTree = "<group>"; };
		37BFD9E917CF27FD00218E9B /* 34-coffee.png */ = {isa = PBXFileReference; lastKnownFileType = image.png; path = "34-coffee.png"; sourceTree = "<group>"; };
		37BFD9EA17CF27FD00218E9B /* 35-shopping.png */ = {isa = PBXFileReference; lastKnownFileType = image.png; path = "35-shopping.png"; sourceTree = "<group>"; };
		37BFD9EB17CF27FD00218E9B /* 36-toolbox.png */ = {isa = PBXFileReference; lastKnownFileType = image.png; path = "36-toolbox.png"; sourceTree = "<group>"; };
		37BFD9EC17CF27FD00218E9B /* 37-suitcase.png */ = {isa = PBXFileReference; lastKnownFileType = image.png; path = "37-suitcase.png"; sourceTree = "<group>"; };
		37BFD9ED17CF27FD00218E9B /* 38-airplane.png */ = {isa = PBXFileReference; lastKnownFileType = image.png; path = "38-airplane.png"; sourceTree = "<group>"; };
		37BFD9EE17CF27FD00218E9B /* 39-spraycan.png */ = {isa = PBXFileReference; lastKnownFileType = image.png; path = "39-spraycan.png"; sourceTree = "<group>"; };
		37BFD9EF17CF27FD00218E9B /* 40-inbox.png */ = {isa = PBXFileReference; lastKnownFileType = image.png; path = "40-inbox.png"; sourceTree = "<group>"; };
		37BFD9F017CF27FD00218E9B /* 41-picture-frame.png */ = {isa = PBXFileReference; lastKnownFileType = image.png; path = "41-picture-frame.png"; sourceTree = "<group>"; };
		37BFD9F117CF27FD00218E9B /* 42-photos.png */ = {isa = PBXFileReference; lastKnownFileType = image.png; path = "42-photos.png"; sourceTree = "<group>"; };
		37BFD9F217CF27FD00218E9B /* 43-film-roll.png */ = {isa = PBXFileReference; lastKnownFileType = image.png; path = "43-film-roll.png"; sourceTree = "<group>"; };
		37BFD9F317CF27FD00218E9B /* 44-shoebox.png */ = {isa = PBXFileReference; lastKnownFileType = image.png; path = "44-shoebox.png"; sourceTree = "<group>"; };
		37BFD9F417CF27FD00218E9B /* 45-movie-1.png */ = {isa = PBXFileReference; lastKnownFileType = image.png; path = "45-movie-1.png"; sourceTree = "<group>"; };
		37BFD9F517CF27FD00218E9B /* 46-movie-2.png */ = {isa = PBXFileReference; lastKnownFileType = image.png; path = "46-movie-2.png"; sourceTree = "<group>"; };
		37BFD9F617CF27FD00218E9B /* 47-fuel.png */ = {isa = PBXFileReference; lastKnownFileType = image.png; path = "47-fuel.png"; sourceTree = "<group>"; };
		37BFD9F717CF27FD00218E9B /* 48-fork-and-knife.png */ = {isa = PBXFileReference; lastKnownFileType = image.png; path = "48-fork-and-knife.png"; sourceTree = "<group>"; };
		37BFD9F817CF27FD00218E9B /* 49-battery.png */ = {isa = PBXFileReference; lastKnownFileType = image.png; path = "49-battery.png"; sourceTree = "<group>"; };
		37BFD9F917CF27FD00218E9B /* 50-beaker.png */ = {isa = PBXFileReference; lastKnownFileType = image.png; path = "50-beaker.png"; sourceTree = "<group>"; };
		37BFD9FA17CF27FD00218E9B /* 51-outlet.png */ = {isa = PBXFileReference; lastKnownFileType = image.png; path = "51-outlet.png"; sourceTree = "<group>"; };
		37BFD9FB17CF27FD00218E9B /* 52-pine-tree.png */ = {isa = PBXFileReference; lastKnownFileType = image.png; path = "52-pine-tree.png"; sourceTree = "<group>"; };
		37BFD9FC17CF27FD00218E9B /* 53-house.png */ = {isa = PBXFileReference; lastKnownFileType = image.png; path = "53-house.png"; sourceTree = "<group>"; };
		37BFD9FD17CF27FD00218E9B /* 54-lock.png */ = {isa = PBXFileReference; lastKnownFileType = image.png; path = "54-lock.png"; sourceTree = "<group>"; };
		37BFD9FE17CF27FD00218E9B /* 55-network.png */ = {isa = PBXFileReference; lastKnownFileType = image.png; path = "55-network.png"; sourceTree = "<group>"; };
		37BFD9FF17CF27FD00218E9B /* 56-cloud.png */ = {isa = PBXFileReference; lastKnownFileType = image.png; path = "56-cloud.png"; sourceTree = "<group>"; };
		37BFDA0017CF27FD00218E9B /* 57-download.png */ = {isa = PBXFileReference; lastKnownFileType = image.png; path = "57-download.png"; sourceTree = "<group>"; };
		37BFDA0117CF27FD00218E9B /* 58-bookmark.png */ = {isa = PBXFileReference; lastKnownFileType = image.png; path = "58-bookmark.png"; sourceTree = "<group>"; };
		37BFDA0217CF27FD00218E9B /* 59-flag.png */ = {isa = PBXFileReference; lastKnownFileType = image.png; path = "59-flag.png"; sourceTree = "<group>"; };
		37BFDA0317CF27FD00218E9B /* 60-signpost.png */ = {isa = PBXFileReference; lastKnownFileType = image.png; path = "60-signpost.png"; sourceTree = "<group>"; };
		37BFDA0417CF27FD00218E9B /* 61-brightness.png */ = {isa = PBXFileReference; lastKnownFileType = image.png; path = "61-brightness.png"; sourceTree = "<group>"; };
		37BFDA0517CF27FD00218E9B /* 62-contrast.png */ = {isa = PBXFileReference; lastKnownFileType = image.png; path = "62-contrast.png"; sourceTree = "<group>"; };
		37BFDA0617CF27FD00218E9B /* 63-runner.png */ = {isa = PBXFileReference; lastKnownFileType = image.png; path = "63-runner.png"; sourceTree = "<group>"; };
		37BFDA0717CF27FD00218E9B /* 64-zap.png */ = {isa = PBXFileReference; lastKnownFileType = image.png; path = "64-zap.png"; sourceTree = "<group>"; };
		37BFDA0817CF27FD00218E9B /* 65-note.png */ = {isa = PBXFileReference; lastKnownFileType = image.png; path = "65-note.png"; sourceTree = "<group>"; };
		37BFDA0917CF27FD00218E9B /* 66-microphone.png */ = {isa = PBXFileReference; lastKnownFileType = image.png; path = "66-microphone.png"; sourceTree = "<group>"; };
		37BFDA0A17CF27FD00218E9B /* 67-tshirt.png */ = {isa = PBXFileReference; lastKnownFileType = image.png; path = "67-tshirt.png"; sourceTree = "<group>"; };
		37BFDA0B17CF27FD00218E9B /* 68-paperclip.png */ = {isa = PBXFileReference; lastKnownFileType = image.png; path = "68-paperclip.png"; sourceTree = "<group>"; };
		37BFDA0C17CF27FD00218E9B /* 69-display.png */ = {isa = PBXFileReference; lastKnownFileType = image.png; path = "69-display.png"; sourceTree = "<group>"; };
		37BFDA0D17CF27FD00218E9B /* 70-tv.png */ = {isa = PBXFileReference; lastKnownFileType = image.png; path = "70-tv.png"; sourceTree = "<group>"; };
		37BFDA0E17CF27FD00218E9B /* 71-compass.png */ = {isa = PBXFileReference; lastKnownFileType = image.png; path = "71-compass.png"; sourceTree = "<group>"; };
		37BFDA0F17CF27FD00218E9B /* 72-pin.png */ = {isa = PBXFileReference; lastKnownFileType = image.png; path = "72-pin.png"; sourceTree = "<group>"; };
		37BFDA1017CF27FD00218E9B /* 73-radar.png */ = {isa = PBXFileReference; lastKnownFileType = image.png; path = "73-radar.png"; sourceTree = "<group>"; };
		37BFDA1117CF27FD00218E9B /* 74-location.png */ = {isa = PBXFileReference; lastKnownFileType = image.png; path = "74-location.png"; sourceTree = "<group>"; };
		37BFDA1217CF27FD00218E9B /* 75-phone.png */ = {isa = PBXFileReference; lastKnownFileType = image.png; path = "75-phone.png"; sourceTree = "<group>"; };
		37BFDA1317CF27FD00218E9B /* 76-baby.png */ = {isa = PBXFileReference; lastKnownFileType = image.png; path = "76-baby.png"; sourceTree = "<group>"; };
		37BFDA1417CF27FD00218E9B /* 77-ekg.png */ = {isa = PBXFileReference; lastKnownFileType = image.png; path = "77-ekg.png"; sourceTree = "<group>"; };
		37BFDA1517CF27FD00218E9B /* 78-stopwatch.png */ = {isa = PBXFileReference; lastKnownFileType = image.png; path = "78-stopwatch.png"; sourceTree = "<group>"; };
		37BFDA1617CF27FD00218E9B /* 79-medical-bag.png */ = {isa = PBXFileReference; lastKnownFileType = image.png; path = "79-medical-bag.png"; sourceTree = "<group>"; };
		37BFDA1717CF27FD00218E9B /* 80-shopping-cart.png */ = {isa = PBXFileReference; lastKnownFileType = image.png; path = "80-shopping-cart.png"; sourceTree = "<group>"; };
		37BFDA1817CF27FD00218E9B /* 81-dashboard.png */ = {isa = PBXFileReference; lastKnownFileType = image.png; path = "81-dashboard.png"; sourceTree = "<group>"; };
		37BFDA1917CF27FD00218E9B /* 82-dog-paw.png */ = {isa = PBXFileReference; lastKnownFileType = image.png; path = "82-dog-paw.png"; sourceTree = "<group>"; };
		37BFDA1A17CF27FD00218E9B /* 83-calendar.png */ = {isa = PBXFileReference; lastKnownFileType = image.png; path = "83-calendar.png"; sourceTree = "<group>"; };
		37BFDA1B17CF27FD00218E9B /* 84-lightbulb.png */ = {isa = PBXFileReference; lastKnownFileType = image.png; path = "84-lightbulb.png"; sourceTree = "<group>"; };
		37BFDA1C17CF27FD00218E9B /* 85-trophy.png */ = {isa = PBXFileReference; lastKnownFileType = image.png; path = "85-trophy.png"; sourceTree = "<group>"; };
		37BFDA1D17CF27FD00218E9B /* 86-camera.png */ = {isa = PBXFileReference; lastKnownFileType = image.png; path = "86-camera.png"; sourceTree = "<group>"; };
		37BFDA1E17CF27FD00218E9B /* 87-wine-glass.png */ = {isa = PBXFileReference; lastKnownFileType = image.png; path = "87-wine-glass.png"; sourceTree = "<group>"; };
		37BFDA1F17CF27FD00218E9B /* 88-beer-mug.png */ = {isa = PBXFileReference; lastKnownFileType = image.png; path = "88-beer-mug.png"; sourceTree = "<group>"; };
		37BFDA2017CF27FD00218E9B /* 89-dumbell.png */ = {isa = PBXFileReference; lastKnownFileType = image.png; path = "89-dumbell.png"; sourceTree = "<group>"; };
		37BFDA2117CF27FD00218E9B /* 90-life-buoy.png */ = {isa = PBXFileReference; lastKnownFileType = image.png; path = "90-life-buoy.png"; sourceTree = "<group>"; };
		37BFDA2217CF27FD00218E9B /* 91-beaker-2.png */ = {isa = PBXFileReference; lastKnownFileType = image.png; path = "91-beaker-2.png"; sourceTree = "<group>"; };
		37BFDA2317CF27FD00218E9B /* 92-test-tube.png */ = {isa = PBXFileReference; lastKnownFileType = image.png; path = "92-test-tube.png"; sourceTree = "<group>"; };
		37BFDA2417CF27FD00218E9B /* 93-thermometer.png */ = {isa = PBXFileReference; lastKnownFileType = image.png; path = "93-thermometer.png"; sourceTree = "<group>"; };
		37BFDA2517CF27FD00218E9B /* 94-pill.png */ = {isa = PBXFileReference; lastKnownFileType = image.png; path = "94-pill.png"; sourceTree = "<group>"; };
		37BFDA2617CF27FD00218E9B /* 95-equalizer.png */ = {isa = PBXFileReference; lastKnownFileType = image.png; path = "95-equalizer.png"; sourceTree = "<group>"; };
		37BFDA2717CF27FD00218E9B /* 96-book.png */ = {isa = PBXFileReference; lastKnownFileType = image.png; path = "96-book.png"; sourceTree = "<group>"; };
		37BFDA2817CF27FD00218E9B /* 97-puzzle.png */ = {isa = PBXFileReference; lastKnownFileType = image.png; path = "97-puzzle.png"; sourceTree = "<group>"; };
		37BFDA2917CF27FD00218E9B /* 98-palette.png */ = {isa = PBXFileReference; lastKnownFileType = image.png; path = "98-palette.png"; sourceTree = "<group>"; };
		37BFDA2A17CF27FD00218E9B /* 99-umbrella.png */ = {isa = PBXFileReference; lastKnownFileType = image.png; path = "99-umbrella.png"; sourceTree = "<group>"; };
/* End PBXFileReference section */

/* Begin PBXFrameworksBuildPhase section */
		37BFD93917CEFF1500218E9B /* Frameworks */ = {
			isa = PBXFrameworksBuildPhase;
			buildActionMask = 2147483647;
			files = (
				37BFD94017CEFF1500218E9B /* UIKit.framework in Frameworks */,
				37BFD94217CEFF1500218E9B /* Foundation.framework in Frameworks */,
				37BFD94417CEFF1500218E9B /* CoreGraphics.framework in Frameworks */,
			);
			runOnlyForDeploymentPostprocessing = 0;
		};
/* End PBXFrameworksBuildPhase section */

/* Begin PBXGroup section */
		37BFD93317CEFF1500218E9B = {
			isa = PBXGroup;
			children = (
				37BFD94517CEFF1500218E9B /* MyInformation */,
				37BFD93E17CEFF1500218E9B /* Frameworks */,
				37BFD93D17CEFF1500218E9B /* Products */,
			);
			sourceTree = "<group>";
		};
		37BFD93D17CEFF1500218E9B /* Products */ = {
			isa = PBXGroup;
			children = (
				37BFD93C17CEFF1500218E9B /* MyInformation.app */,
			);
			name = Products;
			sourceTree = "<group>";
		};
		37BFD93E17CEFF1500218E9B /* Frameworks */ = {
			isa = PBXGroup;
			children = (
				37BFD93F17CEFF1500218E9B /* UIKit.framework */,
				37BFD94117CEFF1500218E9B /* Foundation.framework */,
				37BFD94317CEFF1500218E9B /* CoreGraphics.framework */,
			);
			name = Frameworks;
			sourceTree = "<group>";
		};
		37BFD94517CEFF1500218E9B /* MyInformation */ = {
			isa = PBXGroup;
			children = (
				37BFD94E17CEFF1500218E9B /* AppDelegate.h */,
				37BFD94F17CEFF1500218E9B /* AppDelegate.m */,
				37BFD95717CEFF1500218E9B /* MainStoryboard.storyboard */,
				37BFD95A17CEFF1500218E9B /* ViewController.h */,
				37BFD95B17CEFF1500218E9B /* ViewController.m */,
				37BFD94617CEFF1500218E9B /* Supporting Files */,
			);
			path = MyInformation;
			sourceTree = "<group>";
		};
		37BFD94617CEFF1500218E9B /* Supporting Files */ = {
			isa = PBXGroup;
			children = (
				37BFD96217CF27FC00218E9B /* icons */,
				37BFD94717CEFF1500218E9B /* MyInformation-Info.plist */,
				37BFD94817CEFF1500218E9B /* InfoPlist.strings */,
				37BFD94B17CEFF1500218E9B /* main.m */,
				37BFD94D17CEFF1500218E9B /* MyInformation-Prefix.pch */,
				37BFD95117CEFF1500218E9B /* Default.png */,
				37BFD95317CEFF1500218E9B /* Default@2x.png */,
				37BFD95517CEFF1500218E9B /* Default-568h@2x.png */,
			);
			name = "Supporting Files";
			sourceTree = "<group>";
		};
		37BFD96217CF27FC00218E9B /* icons */ = {
			isa = PBXGroup;
			children = (
				37BFD96317CF27FC00218E9B /* 01-refresh.png */,
				37BFD96417CF27FC00218E9B /* 02-redo.png */,
				37BFD96517CF27FC00218E9B /* 03-loopback.png */,
				37BFD96617CF27FC00218E9B /* 04-squiggle.png */,
				37BFD96717CF27FC00218E9B /* 05-shuffle.png */,
				37BFD96817CF27FC00218E9B /* 06-magnify.png */,
				37BFD96917CF27FC00218E9B /* 07-map-marker.png */,
				37BFD96A17CF27FC00218E9B /* 08-chat.png */,
				37BFD96B17CF27FC00218E9B /* 09-chat-2.png */,
				37BFD96C17CF27FC00218E9B /* 10-medical.png */,
				37BFD96D17CF27FC00218E9B /* 100-coffee.png */,
				37BFD96E17CF27FC00218E9B /* 101-gameplan.png */,
				37BFD96F17CF27FC00218E9B /* 102-walk.png */,
				37BFD97017CF27FC00218E9B /* 103-map.png */,
				37BFD97117CF27FC00218E9B /* 104-index-cards.png */,
				37BFD97217CF27FC00218E9B /* 105-piano.png */,
				37BFD97317CF27FC00218E9B /* 106-sliders.png */,
				37BFD97417CF27FC00218E9B /* 107-widescreen.png */,
				37BFD97517CF27FC00218E9B /* 108-badge.png */,
				37BFD97617CF27FC00218E9B /* 109-chicken.png */,
				37BFD97717CF27FC00218E9B /* 11-clock.png */,
				37BFD97817CF27FC00218E9B /* 110-bug.png */,
				37BFD97917CF27FC00218E9B /* 111-user.png */,
				37BFD97A17CF27FC00218E9B /* 112-group.png */,
				37BFD97B17CF27FC00218E9B /* 113-navigation.png */,
				37BFD97C17CF27FC00218E9B /* 114-balloon.png */,
				37BFD97D17CF27FC00218E9B /* 115-bow-and-arrow.png */,
				37BFD97E17CF27FC00218E9B /* 116-controller.png */,
				37BFD97F17CF27FC00218E9B /* 117-todo.png */,
				37BFD98017CF27FC00218E9B /* 118-coat-hanger.png */,
				37BFD98117CF27FC00218E9B /* 119-piggy-bank.png */,
				37BFD98217CF27FC00218E9B /* 12-eye.png */,
				37BFD98317CF27FC00218E9B /* 120-headphones.png */,
				37BFD98417CF27FC00218E9B /* 121-landscape.png */,
				37BFD98517CF27FC00218E9B /* 122-stats.png */,
				37BFD98617CF27FC00218E9B /* 123-id-card.png */,
				37BFD98717CF27FC00218E9B /* 124-bullhorn.png */,
				37BFD98817CF27FC00218E9B /* 125-food.png */,
				37BFD98917CF27FC00218E9B /* 126-moon.png */,
				37BFD98A17CF27FC00218E9B /* 127-sock.png */,
				37BFD98B17CF27FC00218E9B /* 128-bone.png */,
				37BFD98C17CF27FC00218E9B /* 129-golf.png */,
				37BFD98D17CF27FC00218E9B /* 13-target.png */,
				37BFD98E17CF27FC00218E9B /* 130-dice.png */,
				37BFD98F17CF27FC00218E9B /* 131-tower.png */,
				37BFD99017CF27FC00218E9B /* 132-ghost.png */,
				37BFD99117CF27FC00218E9B /* 133-ufo.png */,
				37BFD99217CF27FC00218E9B /* 134-viking.png */,
				37BFD99317CF27FC00218E9B /* 135-hockeymask.png */,
				37BFD99417CF27FC00218E9B /* 136-tractor.png */,
				37BFD99517CF27FC00218E9B /* 137-presentation.png */,
				37BFD99617CF27FC00218E9B /* 138-scales.png */,
				37BFD99717CF27FC00218E9B /* 139-flags.png */,
				37BFD99817CF27FC00218E9B /* 14-tag.png */,
				37BFD99917CF27FC00218E9B /* 140-gradhat.png */,
				37BFD99A17CF27FC00218E9B /* 141-lamp.png */,
				37BFD99B17CF27FC00218E9B /* 142-wine-bottle.png */,
				37BFD99C17CF27FC00218E9B /* 143-liquor-bottle.png */,
				37BFD99D17CF27FC00218E9B /* 144-martini.png */,
				37BFD99E17CF27FC00218E9B /* 145-persondot.png */,
				37BFD99F17CF27FC00218E9B /* 146-gavel.png */,
				37BFD9A017CF27FC00218E9B /* 147-popsicle.png */,
				37BFD9A117CF27FC00218E9B /* 148-doghouse.png */,
				37BFD9A217CF27FC00218E9B /* 149-windmill.png */,
				37BFD9A317CF27FC00218E9B /* 15-tags.png */,
				37BFD9A417CF27FC00218E9B /* 150-sailboat.png */,
				37BFD9A517CF27FC00218E9B /* 151-telescope.png */,
				37BFD9A617CF27FC00218E9B /* 152-rolodex.png */,
				37BFD9A717CF27FC00218E9B /* 153-guitar.png */,
				37BFD9A817CF27FC00218E9B /* 154-necktie.png */,
				37BFD9A917CF27FC00218E9B /* 155-bowtie.png */,
				37BFD9AA17CF27FC00218E9B /* 156-controlpad.png */,
				37BFD9AB17CF27FC00218E9B /* 157-wrench.png */,
				37BFD9AC17CF27FC00218E9B /* 158-wrench-2.png */,
				37BFD9AD17CF27FC00218E9B /* 159-voicemail.png */,
				37BFD9AE17CF27FC00218E9B /* 16-line-chart.png */,
				37BFD9AF17CF27FC00218E9B /* 160-voicemail-2.png */,
				37BFD9B017CF27FC00218E9B /* 161-calculator.png */,
				37BFD9B117CF27FC00218E9B /* 162-receipt.png */,
				37BFD9B217CF27FC00218E9B /* 163-glasses-1.png */,
				37BFD9B317CF27FC00218E9B /* 164-glasses-2.png */,
				37BFD9B417CF27FC00218E9B /* 165-glasses-3.png */,
				37BFD9B517CF27FC00218E9B /* 166-newspaper.png */,
				37BFD9B617CF27FC00218E9B /* 167-upload-photo.png */,
				37BFD9B717CF27FC00218E9B /* 168-upload-photo-2.png */,
				37BFD9B817CF27FC00218E9B /* 169-8ball.png */,
				37BFD9B917CF27FC00218E9B /* 17-bar-chart.png */,
				37BFD9BA17CF27FC00218E9B /* 170-butterfly.png */,
				37BFD9BB17CF27FC00218E9B /* 171-sun.png */,
				37BFD9BC17CF27FC00218E9B /* 172-pricetag.png */,
				37BFD9BD17CF27FC00218E9B /* 173-eyedropper.png */,
				37BFD9BE17CF27FC00218E9B /* 174-imac.png */,
				37BFD9BF17CF27FC00218E9B /* 175-macbook.png */,
				37BFD9C017CF27FC00218E9B /* 176-ipad.png */,
				37BFD9C117CF27FC00218E9B /* 177-building.png */,
				37BFD9C217CF27FC00218E9B /* 178-city.png */,
				37BFD9C317CF27FC00218E9B /* 179-notepad.png */,
				37BFD9C417CF27FC00218E9B /* 18-envelope.png */,
				37BFD9C517CF27FC00218E9B /* 180-stickynote.png */,
				37BFD9C617CF27FC00218E9B /* 181-hammer.png */,
				37BFD9C717CF27FC00218E9B /* 182-messenger-bag.png */,
				37BFD9C817CF27FC00218E9B /* 183-genie-lamp.png */,
				37BFD9C917CF27FC00218E9B /* 184-warning.png */,
				37BFD9CA17CF27FC00218E9B /* 185-printer.png */,
				37BFD9CB17CF27FC00218E9B /* 186-ruler.png */,
				37BFD9CC17CF27FC00218E9B /* 187-pencil.png */,
				37BFD9CD17CF27FC00218E9B /* 188-paint-roller.png */,
				37BFD9CE17CF27FC00218E9B /* 189-plant.png */,
				37BFD9CF17CF27FC00218E9B /* 19-gear.png */,
				37BFD9D017CF27FC00218E9B /* 190-bank.png */,
				37BFD9D117CF27FC00218E9B /* 191-collection.png */,
				37BFD9D217CF27FC00218E9B /* 192-credit-card.png */,
				37BFD9D317CF27FC00218E9B /* 193-location-arrow.png */,
				37BFD9D417CF27FC00218E9B /* 194-note-2.png */,
				37BFD9D517CF27FC00218E9B /* 195-barcode.png */,
				37BFD9D617CF27FC00218E9B /* 196-radiation.png */,
				37BFD9D717CF27FC00218E9B /* 197-card-diamonds.png */,
				37BFD9D817CF27FC00218E9B /* 198-card-spades.png */,
				37BFD9D917CF27FC00218E9B /* 199-card-hearts.png */,
				37BFD9DA17CF27FC00218E9B /* 20-gear2.png */,
				37BFD9DB17CF27FC00218E9B /* 200-card-clubs.png */,
				37BFD9DC17CF27FC00218E9B /* 21-skull.png */,
				37BFD9DD17CF27FC00218E9B /* 22-skull-n-bones.png */,
				37BFD9DE17CF27FC00218E9B /* 23-bird.png */,
				37BFD9DF17CF27FC00218E9B /* 24-gift.png */,
				37BFD9E017CF27FC00218E9B /* 25-weather.png */,
				37BFD9E117CF27FD00218E9B /* 26-bandaid.png */,
				37BFD9E217CF27FD00218E9B /* 27-planet.png */,
				37BFD9E317CF27FD00218E9B /* 28-star.png */,
				37BFD9E417CF27FD00218E9B /* 29-heart.png */,
				37BFD9E517CF27FD00218E9B /* 30-key.png */,
				37BFD9E617CF27FD00218E9B /* 31-ipod.png */,
				37BFD9E717CF27FD00218E9B /* 32-iphone.png */,
				37BFD9E817CF27FD00218E9B /* 33-cabinet.png */,
				37BFD9E917CF27FD00218E9B /* 34-coffee.png */,
				37BFD9EA17CF27FD00218E9B /* 35-shopping.png */,
				37BFD9EB17CF27FD00218E9B /* 36-toolbox.png */,
				37BFD9EC17CF27FD00218E9B /* 37-suitcase.png */,
				37BFD9ED17CF27FD00218E9B /* 38-airplane.png */,
				37BFD9EE17CF27FD00218E9B /* 39-spraycan.png */,
				37BFD9EF17CF27FD00218E9B /* 40-inbox.png */,
				37BFD9F017CF27FD00218E9B /* 41-picture-frame.png */,
				37BFD9F117CF27FD00218E9B /* 42-photos.png */,
				37BFD9F217CF27FD00218E9B /* 43-film-roll.png */,
				37BFD9F317CF27FD00218E9B /* 44-shoebox.png */,
				37BFD9F417CF27FD00218E9B /* 45-movie-1.png */,
				37BFD9F517CF27FD00218E9B /* 46-movie-2.png */,
				37BFD9F617CF27FD00218E9B /* 47-fuel.png */,
				37BFD9F717CF27FD00218E9B /* 48-fork-and-knife.png */,
				37BFD9F817CF27FD00218E9B /* 49-battery.png */,
				37BFD9F917CF27FD00218E9B /* 50-beaker.png */,
				37BFD9FA17CF27FD00218E9B /* 51-outlet.png */,
				37BFD9FB17CF27FD00218E9B /* 52-pine-tree.png */,
				37BFD9FC17CF27FD00218E9B /* 53-house.png */,
				37BFD9FD17CF27FD00218E9B /* 54-lock.png */,
				37BFD9FE17CF27FD00218E9B /* 55-network.png */,
				37BFD9FF17CF27FD00218E9B /* 56-cloud.png */,
				37BFDA0017CF27FD00218E9B /* 57-download.png */,
				37BFDA0117CF27FD00218E9B /* 58-bookmark.png */,
				37BFDA0217CF27FD00218E9B /* 59-flag.png */,
				37BFDA0317CF27FD00218E9B /* 60-signpost.png */,
				37BFDA0417CF27FD00218E9B /* 61-brightness.png */,
				37BFDA0517CF27FD00218E9B /* 62-contrast.png */,
				37BFDA0617CF27FD00218E9B /* 63-runner.png */,
				37BFDA0717CF27FD00218E9B /* 64-zap.png */,
				37BFDA0817CF27FD00218E9B /* 65-note.png */,
				37BFDA0917CF27FD00218E9B /* 66-microphone.png */,
				37BFDA0A17CF27FD00218E9B /* 67-tshirt.png */,
				37BFDA0B17CF27FD00218E9B /* 68-paperclip.png */,
				37BFDA0C17CF27FD00218E9B /* 69-display.png */,
				37BFDA0D17CF27FD00218E9B /* 70-tv.png */,
				37BFDA0E17CF27FD00218E9B /* 71-compass.png */,
				37BFDA0F17CF27FD00218E9B /* 72-pin.png */,
				37BFDA1017CF27FD00218E9B /* 73-radar.png */,
				37BFDA1117CF27FD00218E9B /* 74-location.png */,
				37BFDA1217CF27FD00218E9B /* 75-phone.png */,
				37BFDA1317CF27FD00218E9B /* 76-baby.png */,
				37BFDA1417CF27FD00218E9B /* 77-ekg.png */,
				37BFDA1517CF27FD00218E9B /* 78-stopwatch.png */,
				37BFDA1617CF27FD00218E9B /* 79-medical-bag.png */,
				37BFDA1717CF27FD00218E9B /* 80-shopping-cart.png */,
				37BFDA1817CF27FD00218E9B /* 81-dashboard.png */,
				37BFDA1917CF27FD00218E9B /* 82-dog-paw.png */,
				37BFDA1A17CF27FD00218E9B /* 83-calendar.png */,
				37BFDA1B17CF27FD00218E9B /* 84-lightbulb.png */,
				37BFDA1C17CF27FD00218E9B /* 85-trophy.png */,
				37BFDA1D17CF27FD00218E9B /* 86-camera.png */,
				37BFDA1E17CF27FD00218E9B /* 87-wine-glass.png */,
				37BFDA1F17CF27FD00218E9B /* 88-beer-mug.png */,
				37BFDA2017CF27FD00218E9B /* 89-dumbell.png */,
				37BFDA2117CF27FD00218E9B /* 90-life-buoy.png */,
				37BFDA2217CF27FD00218E9B /* 91-beaker-2.png */,
				37BFDA2317CF27FD00218E9B /* 92-test-tube.png */,
				37BFDA2417CF27FD00218E9B /* 93-thermometer.png */,
				37BFDA2517CF27FD00218E9B /* 94-pill.png */,
				37BFDA2617CF27FD00218E9B /* 95-equalizer.png */,
				37BFDA2717CF27FD00218E9B /* 96-book.png */,
				37BFDA2817CF27FD00218E9B /* 97-puzzle.png */,
				37BFDA2917CF27FD00218E9B /* 98-palette.png */,
				37BFDA2A17CF27FD00218E9B /* 99-umbrella.png */,
			);
			path = icons;
			sourceTree = "<group>";
		};
/* End PBXGroup section */

/* Begin PBXNativeTarget section */
		37BFD93B17CEFF1500218E9B /* MyInformation */ = {
			isa = PBXNativeTarget;
			buildConfigurationList = 37BFD95F17CEFF1500218E9B /* Build configuration list for PBXNativeTarget "MyInformation" */;
			buildPhases = (
				37BFD93817CEFF1500218E9B /* Sources */,
				37BFD93917CEFF1500218E9B /* Frameworks */,
				37BFD93A17CEFF1500218E9B /* Resources */,
			);
			buildRules = (
			);
			dependencies = (
			);
			name = MyInformation;
			productName = MyInformation;
			productReference = 37BFD93C17CEFF1500218E9B /* MyInformation.app */;
			productType = "com.apple.product-type.application";
		};
/* End PBXNativeTarget section */

/* Begin PBXProject section */
		37BFD93417CEFF1500218E9B /* Project object */ = {
			isa = PBXProject;
			attributes = {
				LastUpgradeCheck = 0460;
				ORGANIZATIONNAME = "Onzondev Innovation Co., Ltd.";
			};
			buildConfigurationList = 37BFD93717CEFF1500218E9B /* Build configuration list for PBXProject "MyInformation" */;
			compatibilityVersion = "Xcode 3.2";
			developmentRegion = English;
			hasScannedForEncodings = 0;
			knownRegions = (
				en,
			);
			mainGroup = 37BFD93317CEFF1500218E9B;
			productRefGroup = 37BFD93D17CEFF1500218E9B /* Products */;
			projectDirPath = "";
			projectRoot = "";
			targets = (
				37BFD93B17CEFF1500218E9B /* MyInformation */,
			);
		};
/* End PBXProject section */

/* Begin PBXResourcesBuildPhase section */
		37BFD93A17CEFF1500218E9B /* Resources */ = {
			isa = PBXResourcesBuildPhase;
			buildActionMask = 2147483647;
			files = (
				37BFD94A17CEFF1500218E9B /* InfoPlist.strings in Resources */,
				37BFD95217CEFF1500218E9B /* Default.png in Resources */,
				37BFD95417CEFF1500218E9B /* Default@2x.png in Resources */,
				37BFD95617CEFF1500218E9B /* Default-568h@2x.png in Resources */,
				37BFD95917CEFF1500218E9B /* MainStoryboard.storyboard in Resources */,
				37BFDA2B17CF27FD00218E9B /* 01-refresh.png in Resources */,
				37BFDA2C17CF27FD00218E9B /* 02-redo.png in Resources */,
				37BFDA2D17CF27FD00218E9B /* 03-loopback.png in Resources */,
				37BFDA2E17CF27FD00218E9B /* 04-squiggle.png in Resources */,
				37BFDA2F17CF27FD00218E9B /* 05-shuffle.png in Resources */,
				37BFDA3017CF27FD00218E9B /* 06-magnify.png in Resources */,
				37BFDA3117CF27FD00218E9B /* 07-map-marker.png in Resources */,
				37BFDA3217CF27FD00218E9B /* 08-chat.png in Resources */,
				37BFDA3317CF27FD00218E9B /* 09-chat-2.png in Resources */,
				37BFDA3417CF27FD00218E9B /* 10-medical.png in Resources */,
				37BFDA3517CF27FD00218E9B /* 100-coffee.png in Resources */,
				37BFDA3617CF27FD00218E9B /* 101-gameplan.png in Resources */,
				37BFDA3717CF27FD00218E9B /* 102-walk.png in Resources */,
				37BFDA3817CF27FD00218E9B /* 103-map.png in Resources */,
				37BFDA3917CF27FD00218E9B /* 104-index-cards.png in Resources */,
				37BFDA3A17CF27FD00218E9B /* 105-piano.png in Resources */,
				37BFDA3B17CF27FD00218E9B /* 106-sliders.png in Resources */,
				37BFDA3C17CF27FD00218E9B /* 107-widescreen.png in Resources */,
				37BFDA3D17CF27FD00218E9B /* 108-badge.png in Resources */,
				37BFDA3E17CF27FD00218E9B /* 109-chicken.png in Resources */,
				37BFDA3F17CF27FD00218E9B /* 11-clock.png in Resources */,
				37BFDA4017CF27FD00218E9B /* 110-bug.png in Resources */,
				37BFDA4117CF27FD00218E9B /* 111-user.png in Resources */,
				37BFDA4217CF27FD00218E9B /* 112-group.png in Resources */,
				37BFDA4317CF27FD00218E9B /* 113-navigation.png in Resources */,
				37BFDA4417CF27FD00218E9B /* 114-balloon.png in Resources */,
				37BFDA4517CF27FD00218E9B /* 115-bow-and-arrow.png in Resources */,
				37BFDA4617CF27FD00218E9B /* 116-controller.png in Resources */,
				37BFDA4717CF27FD00218E9B /* 117-todo.png in Resources */,
				37BFDA4817CF27FD00218E9B /* 118-coat-hanger.png in Resources */,
				37BFDA4917CF27FD00218E9B /* 119-piggy-bank.png in Resources */,
				37BFDA4A17CF27FD00218E9B /* 12-eye.png in Resources */,
				37BFDA4B17CF27FD00218E9B /* 120-headphones.png in Resources */,
				37BFDA4C17CF27FD00218E9B /* 121-landscape.png in Resources */,
				37BFDA4D17CF27FD00218E9B /* 122-stats.png in Resources */,
				37BFDA4E17CF27FD00218E9B /* 123-id-card.png in Resources */,
				37BFDA4F17CF27FD00218E9B /* 124-bullhorn.png in Resources */,
				37BFDA5017CF27FD00218E9B /* 125-food.png in Resources */,
				37BFDA5117CF27FD00218E9B /* 126-moon.png in Resources */,
				37BFDA5217CF27FD00218E9B /* 127-sock.png in Resources */,
				37BFDA5317CF27FD00218E9B /* 128-bone.png in Resources */,
				37BFDA5417CF27FD00218E9B /* 129-golf.png in Resources */,
				37BFDA5517CF27FD00218E9B /* 13-target.png in Resources */,
				37BFDA5617CF27FD00218E9B /* 130-dice.png in Resources */,
				37BFDA5717CF27FD00218E9B /* 131-tower.png in Resources */,
				37BFDA5817CF27FD00218E9B /* 132-ghost.png in Resources */,
				37BFDA5917CF27FD00218E9B /* 133-ufo.png in Resources */,
				37BFDA5A17CF27FD00218E9B /* 134-viking.png in Resources */,
				37BFDA5B17CF27FD00218E9B /* 135-hockeymask.png in Resources */,
				37BFDA5C17CF27FD00218E9B /* 136-tractor.png in Resources */,
				37BFDA5D17CF27FD00218E9B /* 137-presentation.png in Resources */,
				37BFDA5E17CF27FD00218E9B /* 138-scales.png in Resources */,
				37BFDA5F17CF27FD00218E9B /* 139-flags.png in Resources */,
				37BFDA6017CF27FD00218E9B /* 14-tag.png in Resources */,
				37BFDA6117CF27FD00218E9B /* 140-gradhat.png in Resources */,
				37BFDA6217CF27FD00218E9B /* 141-lamp.png in Resources */,
				37BFDA6317CF27FD00218E9B /* 142-wine-bottle.png in Resources */,
				37BFDA6417CF27FD00218E9B /* 143-liquor-bottle.png in Resources */,
				37BFDA6517CF27FD00218E9B /* 144-martini.png in Resources */,
				37BFDA6617CF27FD00218E9B /* 145-persondot.png in Resources */,
				37BFDA6717CF27FD00218E9B /* 146-gavel.png in Resources */,
				37BFDA6817CF27FD00218E9B /* 147-popsicle.png in Resources */,
				37BFDA6917CF27FD00218E9B /* 148-doghouse.png in Resources */,
				37BFDA6A17CF27FD00218E9B /* 149-windmill.png in Resources */,
				37BFDA6B17CF27FD00218E9B /* 15-tags.png in Resources */,
				37BFDA6C17CF27FD00218E9B /* 150-sailboat.png in Resources */,
				37BFDA6D17CF27FD00218E9B /* 151-telescope.png in Resources */,
				37BFDA6E17CF27FD00218E9B /* 152-rolodex.png in Resources */,
				37BFDA6F17CF27FD00218E9B /* 153-guitar.png in Resources */,
				37BFDA7017CF27FD00218E9B /* 154-necktie.png in Resources */,
				37BFDA7117CF27FD00218E9B /* 155-bowtie.png in Resources */,
				37BFDA7217CF27FD00218E9B /* 156-controlpad.png in Resources */,
				37BFDA7317CF27FD00218E9B /* 157-wrench.png in Resources */,
				37BFDA7417CF27FD00218E9B /* 158-wrench-2.png in Resources */,
				37BFDA7517CF27FD00218E9B /* 159-voicemail.png in Resources */,
				37BFDA7617CF27FD00218E9B /* 16-line-chart.png in Resources */,
				37BFDA7717CF27FD00218E9B /* 160-voicemail-2.png in Resources */,
				37BFDA7817CF27FD00218E9B /* 161-calculator.png in Resources */,
				37BFDA7917CF27FD00218E9B /* 162-receipt.png in Resources */,
				37BFDA7A17CF27FD00218E9B /* 163-glasses-1.png in Resources */,
				37BFDA7B17CF27FD00218E9B /* 164-glasses-2.png in Resources */,
				37BFDA7C17CF27FD00218E9B /* 165-glasses-3.png in Resources */,
				37BFDA7D17CF27FD00218E9B /* 166-newspaper.png in Resources */,
				37BFDA7E17CF27FD00218E9B /* 167-upload-photo.png in Resources */,
				37BFDA7F17CF27FD00218E9B /* 168-upload-photo-2.png in Resources */,
				37BFDA8017CF27FD00218E9B /* 169-8ball.png in Resources */,
				37BFDA8117CF27FD00218E9B /* 17-bar-chart.png in Resources */,
				37BFDA8217CF27FD00218E9B /* 170-butterfly.png in Resources */,
				37BFDA8317CF27FD00218E9B /* 171-sun.png in Resources */,
				37BFDA8417CF27FD00218E9B /* 172-pricetag.png in Resources */,
				37BFDA8517CF27FD00218E9B /* 173-eyedropper.png in Resources */,
				37BFDA8617CF27FD00218E9B /* 174-imac.png in Resources */,
				37BFDA8717CF27FD00218E9B /* 175-macbook.png in Resources */,
				37BFDA8817CF27FD00218E9B /* 176-ipad.png in Resources */,
				37BFDA8917CF27FD00218E9B /* 177-building.png in Resources */,
				37BFDA8A17CF27FD00218E9B /* 178-city.png in Resources */,
				37BFDA8B17CF27FD00218E9B /* 179-notepad.png in Resources */,
				37BFDA8C17CF27FD00218E9B /* 18-envelope.png in Resources */,
				37BFDA8D17CF27FD00218E9B /* 180-stickynote.png in Resources */,
				37BFDA8E17CF27FD00218E9B /* 181-hammer.png in Resources */,
				37BFDA8F17CF27FD00218E9B /* 182-messenger-bag.png in Resources */,
				37BFDA9017CF27FD00218E9B /* 183-genie-lamp.png in Resources */,
				37BFDA9117CF27FD00218E9B /* 184-warning.png in Resources */,
				37BFDA9217CF27FD00218E9B /* 185-printer.png in Resources */,
				37BFDA9317CF27FD00218E9B /* 186-ruler.png in Resources */,
				37BFDA9417CF27FD00218E9B /* 187-pencil.png in Resources */,
				37BFDA9517CF27FD00218E9B /* 188-paint-roller.png in Resources */,
				37BFDA9617CF27FD00218E9B /* 189-plant.png in Resources */,
				37BFDA9717CF27FD00218E9B /* 19-gear.png in Resources */,
				37BFDA9817CF27FD00218E9B /* 190-bank.png in Resources */,
				37BFDA9917CF27FD00218E9B /* 191-collection.png in Resources */,
				37BFDA9A17CF27FD00218E9B /* 192-credit-card.png in Resources */,
				37BFDA9B17CF27FD00218E9B /* 193-location-arrow.png in Resources */,
				37BFDA9C17CF27FD00218E9B /* 194-note-2.png in Resources */,
				37BFDA9D17CF27FD00218E9B /* 195-barcode.png in Resources */,
				37BFDA9E17CF27FD00218E9B /* 196-radiation.png in Resources */,
				37BFDA9F17CF27FD00218E9B /* 197-card-diamonds.png in Resources */,
				37BFDAA017CF27FD00218E9B /* 198-card-spades.png in Resources */,
				37BFDAA117CF27FD00218E9B /* 199-card-hearts.png in Resources */,
				37BFDAA217CF27FD00218E9B /* 20-gear2.png in Resources */,
				37BFDAA317CF27FD00218E9B /* 200-card-clubs.png in Resources */,
				37BFDAA417CF27FD00218E9B /* 21-skull.png in Resources */,
				37BFDAA517CF27FD00218E9B /* 22-skull-n-bones.png in Resources */,
				37BFDAA617CF27FD00218E9B /* 23-bird.png in Resources */,
				37BFDAA717CF27FD00218E9B /* 24-gift.png in Resources */,
				37BFDAA817CF27FD00218E9B /* 25-weather.png in Resources */,
				37BFDAA917CF27FD00218E9B /* 26-bandaid.png in Resources */,
				37BFDAAA17CF27FD00218E9B /* 27-planet.png in Resources */,
				37BFDAAB17CF27FD00218E9B /* 28-star.png in Resources */,
				37BFDAAC17CF27FD00218E9B /* 29-heart.png in Resources */,
				37BFDAAD17CF27FD00218E9B /* 30-key.png in Resources */,
				37BFDAAE17CF27FD00218E9B /* 31-ipod.png in Resources */,
				37BFDAAF17CF27FD00218E9B /* 32-iphone.png in Resources */,
				37BFDAB017CF27FD00218E9B /* 33-cabinet.png in Resources */,
				37BFDAB117CF27FD00218E9B /* 34-coffee.png in Resources */,
				37BFDAB217CF27FD00218E9B /* 35-shopping.png in Resources */,
				37BFDAB317CF27FD00218E9B /* 36-toolbox.png in Resources */,
				37BFDAB417CF27FD00218E9B /* 37-suitcase.png in Resources */,
				37BFDAB517CF27FD00218E9B /* 38-airplane.png in Resources */,
				37BFDAB617CF27FD00218E9B /* 39-spraycan.png in Resources */,
				37BFDAB717CF27FD00218E9B /* 40-inbox.png in Resources */,
				37BFDAB817CF27FD00218E9B /* 41-picture-frame.png in Resources */,
				37BFDAB917CF27FD00218E9B /* 42-photos.png in Resources */,
				37BFDABA17CF27FD00218E9B /* 43-film-roll.png in Resources */,
				37BFDABB17CF27FD00218E9B /* 44-shoebox.png in Resources */,
				37BFDABC17CF27FD00218E9B /* 45-movie-1.png in Resources */,
				37BFDABD17CF27FD00218E9B /* 46-movie-2.png in Resources */,
				37BFDABE17CF27FD00218E9B /* 47-fuel.png in Resources */,
				37BFDABF17CF27FD00218E9B /* 48-fork-and-knife.png in Resources */,
				37BFDAC017CF27FD00218E9B /* 49-battery.png in Resources */,
				37BFDAC117CF27FD00218E9B /* 50-beaker.png in Resources */,
				37BFDAC217CF27FD00218E9B /* 51-outlet.png in Resources */,
				37BFDAC317CF27FD00218E9B /* 52-pine-tree.png in Resources */,
				37BFDAC417CF27FD00218E9B /* 53-house.png in Resources */,
				37BFDAC517CF27FD00218E9B /* 54-lock.png in Resources */,
				37BFDAC617CF27FD00218E9B /* 55-network.png in Resources */,
				37BFDAC717CF27FD00218E9B /* 56-cloud.png in Resources */,
				37BFDAC817CF27FD00218E9B /* 57-download.png in Resources */,
				37BFDAC917CF27FD00218E9B /* 58-bookmark.png in Resources */,
				37BFDACA17CF27FD00218E9B /* 59-flag.png in Resources */,
				37BFDACB17CF27FD00218E9B /* 60-signpost.png in Resources */,
				37BFDACC17CF27FD00218E9B /* 61-brightness.png in Resources */,
				37BFDACD17CF27FD00218E9B /* 62-contrast.png in Resources */,
				37BFDACE17CF27FD00218E9B /* 63-runner.png in Resources */,
				37BFDACF17CF27FD00218E9B /* 64-zap.png in Resources */,
				37BFDAD017CF27FD00218E9B /* 65-note.png in Resources */,
				37BFDAD117CF27FD00218E9B /* 66-microphone.png in Resources */,
				37BFDAD217CF27FD00218E9B /* 67-tshirt.png in Resources */,
				37BFDAD317CF27FD00218E9B /* 68-paperclip.png in Resources */,
				37BFDAD417CF27FD00218E9B /* 69-display.png in Resources */,
				37BFDAD517CF27FD00218E9B /* 70-tv.png in Resources */,
				37BFDAD617CF27FD00218E9B /* 71-compass.png in Resources */,
				37BFDAD717CF27FD00218E9B /* 72-pin.png in Resources */,
				37BFDAD817CF27FD00218E9B /* 73-radar.png in Resources */,
				37BFDAD917CF27FD00218E9B /* 74-location.png in Resources */,
				37BFDADA17CF27FD00218E9B /* 75-phone.png in Resources */,
				37BFDADB17CF27FD00218E9B /* 76-baby.png in Resources */,
				37BFDADC17CF27FD00218E9B /* 77-ekg.png in Resources */,
				37BFDADD17CF27FD00218E9B /* 78-stopwatch.png in Resources */,
				37BFDADE17CF27FD00218E9B /* 79-medical-bag.png in Resources */,
				37BFDADF17CF27FD00218E9B /* 80-shopping-cart.png in Resources */,
				37BFDAE017CF27FD00218E9B /* 81-dashboard.png in Resources */,
				37BFDAE117CF27FD00218E9B /* 82-dog-paw.png in Resources */,
				37BFDAE217CF27FD00218E9B /* 83-calendar.png in Resources */,
				37BFDAE317CF27FD00218E9B /* 84-lightbulb.png in Resources */,
				37BFDAE417CF27FD00218E9B /* 85-trophy.png in Resources */,
				37BFDAE517CF27FD00218E9B /* 86-camera.png in Resources */,
				37BFDAE617CF27FD00218E9B /* 87-wine-glass.png in Resources */,
				37BFDAE717CF27FD00218E9B /* 88-beer-mug.png in Resources */,
				37BFDAE817CF27FD00218E9B /* 89-dumbell.png in Resources */,
				37BFDAE917CF27FD00218E9B /* 90-life-buoy.png in Resources */,
				37BFDAEA17CF27FD00218E9B /* 91-beaker-2.png in Resources */,
				37BFDAEB17CF27FD00218E9B /* 92-test-tube.png in Resources */,
				37BFDAEC17CF27FD00218E9B /* 93-thermometer.png in Resources */,
				37BFDAED17CF27FD00218E9B /* 94-pill.png in Resources */,
				37BFDAEE17CF27FD00218E9B /* 95-equalizer.png in Resources */,
				37BFDAEF17CF27FD00218E9B /* 96-book.png in Resources */,
				37BFDAF017CF27FD00218E9B /* 97-puzzle.png in Resources */,
				37BFDAF117CF27FD00218E9B /* 98-palette.png in Resources */,
				37BFDAF217CF27FD00218E9B /* 99-umbrella.png in Resources */,
			);
			runOnlyForDeploymentPostprocessing = 0;
		};
/* End PBXResourcesBuildPhase section */

/* Begin PBXSourcesBuildPhase section */
		37BFD93817CEFF1500218E9B /* Sources */ = {
			isa = PBXSourcesBuildPhase;
			buildActionMask = 2147483647;
			files = (
				37BFD94C17CEFF1500218E9B /* main.m in Sources */,
				37BFD95017CEFF1500218E9B /* AppDelegate.m in Sources */,
				37BFD95C17CEFF1500218E9B /* ViewController.m in Sources */,
			);
			runOnlyForDeploymentPostprocessing = 0;
		};
/* End PBXSourcesBuildPhase section */

/* Begin PBXVariantGroup section */
		37BFD94817CEFF1500218E9B /* InfoPlist.strings */ = {
			isa = PBXVariantGroup;
			children = (
				37BFD94917CEFF1500218E9B /* en */,
			);
			name = InfoPlist.strings;
			sourceTree = "<group>";
		};
		37BFD95717CEFF1500218E9B /* MainStoryboard.storyboard */ = {
			isa = PBXVariantGroup;
			children = (
				37BFD95817CEFF1500218E9B /* en */,
			);
			name = MainStoryboard.storyboard;
			sourceTree = "<group>";
		};
/* End PBXVariantGroup section */

/* Begin XCBuildConfiguration section */
		37BFD95D17CEFF1500218E9B /* Debug */ = {
			isa = XCBuildConfiguration;
			buildSettings = {
				ALWAYS_SEARCH_USER_PATHS = NO;
				CLANG_CXX_LANGUAGE_STANDARD = "gnu++0x";
				CLANG_CXX_LIBRARY = "libc++";
				CLANG_ENABLE_OBJC_ARC = YES;
				CLANG_WARN_CONSTANT_CONVERSION = YES;
				CLANG_WARN_EMPTY_BODY = YES;
				CLANG_WARN_ENUM_CONVERSION = YES;
				CLANG_WARN_INT_CONVERSION = YES;
				CLANG_WARN__DUPLICATE_METHOD_MATCH = YES;
				"CODE_SIGN_IDENTITY[sdk=iphoneos*]" = "iPhone Developer";
				COPY_PHASE_STRIP = NO;
				GCC_C_LANGUAGE_STANDARD = gnu99;
				GCC_DYNAMIC_NO_PIC = NO;
				GCC_OPTIMIZATION_LEVEL = 0;
				GCC_PREPROCESSOR_DEFINITIONS = (
					"DEBUG=1",
					"$(inherited)",
				);
				GCC_SYMBOLS_PRIVATE_EXTERN = NO;
				GCC_WARN_ABOUT_RETURN_TYPE = YES;
				GCC_WARN_UNINITIALIZED_AUTOS = YES;
				GCC_WARN_UNUSED_VARIABLE = YES;
				IPHONEOS_DEPLOYMENT_TARGET = 6.1;
				ONLY_ACTIVE_ARCH = YES;
				SDKROOT = iphoneos;
			};
			name = Debug;
		};
		37BFD95E17CEFF1500218E9B /* Release */ = {
			isa = XCBuildConfiguration;
			buildSettings = {
				ALWAYS_SEARCH_USER_PATHS = NO;
				CLANG_CXX_LANGUAGE_STANDARD = "gnu++0x";
				CLANG_CXX_LIBRARY = "libc++";
				CLANG_ENABLE_OBJC_ARC = YES;
				CLANG_WARN_CONSTANT_CONVERSION = YES;
				CLANG_WARN_EMPTY_BODY = YES;
				CLANG_WARN_ENUM_CONVERSION = YES;
				CLANG_WARN_INT_CONVERSION = YES;
				CLANG_WARN__DUPLICATE_METHOD_MATCH = YES;
				"CODE_SIGN_IDENTITY[sdk=iphoneos*]" = "iPhone Developer";
				COPY_PHASE_STRIP = YES;
				GCC_C_LANGUAGE_STANDARD = gnu99;
				GCC_WARN_ABOUT_RETURN_TYPE = YES;
				GCC_WARN_UNINITIALIZED_AUTOS = YES;
				GCC_WARN_UNUSED_VARIABLE = YES;
				IPHONEOS_DEPLOYMENT_TARGET = 6.1;
				OTHER_CFLAGS = "-DNS_BLOCK_ASSERTIONS=1";
				SDKROOT = iphoneos;
				VALIDATE_PRODUCT = YES;
			};
			name = Release;
		};
		37BFD96017CEFF1500218E9B /* Debug */ = {
			isa = XCBuildConfiguration;
			buildSettings = {
				GCC_PRECOMPILE_PREFIX_HEADER = YES;
				GCC_PREFIX_HEADER = "MyInformation/MyInformation-Prefix.pch";
				INFOPLIST_FILE = "MyInformation/MyInformation-Info.plist";
				PRODUCT_NAME = "$(TARGET_NAME)";
				WRAPPER_EXTENSION = app;
			};
			name = Debug;
		};
		37BFD96117CEFF1500218E9B /* Release */ = {
			isa = XCBuildConfiguration;
			buildSettings = {
				GCC_PRECOMPILE_PREFIX_HEADER = YES;
				GCC_PREFIX_HEADER = "MyInformation/MyInformation-Prefix.pch";
				INFOPLIST_FILE = "MyInformation/MyInformation-Info.plist";
				PRODUCT_NAME = "$(TARGET_NAME)";
				WRAPPER_EXTENSION = app;
			};
			name = Release;
		};
/* End XCBuildConfiguration section */

/* Begin XCConfigurationList section */
		37BFD93717CEFF1500218E9B /* Build configuration list for PBXProject "MyInformation" */ = {
			isa = XCConfigurationList;
			buildConfigurations = (
				37BFD95D17CEFF1500218E9B /* Debug */,
				37BFD95E17CEFF1500218E9B /* Release */,
			);
			defaultConfigurationIsVisible = 0;
			defaultConfigurationName = Release;
		};
		37BFD95F17CEFF1500218E9B /* Build configuration list for PBXNativeTarget "MyInformation" */ = {
			isa = XCConfigurationList;
			buildConfigurations = (
				37BFD96017CEFF1500218E9B /* Debug */,
				37BFD96117CEFF1500218E9B /* Release */,
			);
			defaultConfigurationIsVisible = 0;
		};
/* End XCConfigurationList section */
	};
	rootObject = 37BFD93417CEFF1500218E9B /* Project object */;
}
